// !$*UTF8*$!
{
	archiveVersion = 1;
	classes = {
	};
	objectVersion = 46;
	objects = {

/* Begin PBXBuildFile section */
		6D914B501DBDAEBD00413CA5 /* AppDelegate.swift in Sources */ = {isa = PBXBuildFile; fileRef = 6D914B4F1DBDAEBD00413CA5 /* AppDelegate.swift */; };
		6D914B521DBDAEBD00413CA5 /* ViewController.swift in Sources */ = {isa = PBXBuildFile; fileRef = 6D914B511DBDAEBD00413CA5 /* ViewController.swift */; };
		6D914B551DBDAEBD00413CA5 /* Main.storyboard in Resources */ = {isa = PBXBuildFile; fileRef = 6D914B531DBDAEBD00413CA5 /* Main.storyboard */; };
		6D914B571DBDAEBD00413CA5 /* Assets.xcassets in Resources */ = {isa = PBXBuildFile; fileRef = 6D914B561DBDAEBD00413CA5 /* Assets.xcassets */; };
		6D914B5A1DBDAEBD00413CA5 /* LaunchScreen.storyboard in Resources */ = {isa = PBXBuildFile; fileRef = 6D914B581DBDAEBD00413CA5 /* LaunchScreen.storyboard */; };
		6D914B651DBDAEBD00413CA5 /* GeneratorAppTests.swift in Sources */ = {isa = PBXBuildFile; fileRef = 6D914B641DBDAEBD00413CA5 /* GeneratorAppTests.swift */; };
		6D914B701DBDAEBD00413CA5 /* GeneratorAppUITests.swift in Sources */ = {isa = PBXBuildFile; fileRef = 6D914B6F1DBDAEBD00413CA5 /* GeneratorAppUITests.swift */; };
		6D914B871DBDB1E000413CA5 /* Optimist_Bd.ttf in Resources */ = {isa = PBXBuildFile; fileRef = 6D914B7D1DBDB1E000413CA5 /* Optimist_Bd.ttf */; };
		6D914B881DBDB1E000413CA5 /* Optimist_BdIt.ttf in Resources */ = {isa = PBXBuildFile; fileRef = 6D914B7E1DBDB1E000413CA5 /* Optimist_BdIt.ttf */; };
		6D914B891DBDB1E000413CA5 /* Optimist_It.ttf in Resources */ = {isa = PBXBuildFile; fileRef = 6D914B7F1DBDB1E000413CA5 /* Optimist_It.ttf */; };
		6D914B8A1DBDB1E000413CA5 /* Optimist_Lt.ttf in Resources */ = {isa = PBXBuildFile; fileRef = 6D914B801DBDB1E000413CA5 /* Optimist_Lt.ttf */; };
		6D914B8B1DBDB1E000413CA5 /* Optimist_LtIt.ttf in Resources */ = {isa = PBXBuildFile; fileRef = 6D914B811DBDB1E000413CA5 /* Optimist_LtIt.ttf */; };
		6D914B8C1DBDB1E000413CA5 /* Optimist_Rg.ttf in Resources */ = {isa = PBXBuildFile; fileRef = 6D914B821DBDB1E000413CA5 /* Optimist_Rg.ttf */; };
		6D914B8D1DBDB1E000413CA5 /* Optimist_SBd.ttf in Resources */ = {isa = PBXBuildFile; fileRef = 6D914B831DBDB1E000413CA5 /* Optimist_SBd.ttf */; };
		6D914B8E1DBDB1E000413CA5 /* Optimist_SBdIt.ttf in Resources */ = {isa = PBXBuildFile; fileRef = 6D914B841DBDB1E000413CA5 /* Optimist_SBdIt.ttf */; };
		6D914B8F1DBDB1E000413CA5 /* Optimist_XLt.ttf in Resources */ = {isa = PBXBuildFile; fileRef = 6D914B851DBDB1E000413CA5 /* Optimist_XLt.ttf */; };
		6D914B901DBDB1E000413CA5 /* Optimist_XLtIt.ttf in Resources */ = {isa = PBXBuildFile; fileRef = 6D914B861DBDB1E000413CA5 /* Optimist_XLtIt.ttf */; };
		6D914B931DBDC77600413CA5 /* LoginViewController.swift in Sources */ = {isa = PBXBuildFile; fileRef = 6D914B921DBDC77600413CA5 /* LoginViewController.swift */; };
		6D914B961DBDC93100413CA5 /* Common.swift in Sources */ = {isa = PBXBuildFile; fileRef = 6D914B951DBDC93100413CA5 /* Common.swift */; };
/* End PBXBuildFile section */

/* Begin PBXContainerItemProxy section */
		6D914B611DBDAEBD00413CA5 /* PBXContainerItemProxy */ = {
			isa = PBXContainerItemProxy;
			containerPortal = 6D914B441DBDAEBC00413CA5 /* Project object */;
			proxyType = 1;
			remoteGlobalIDString = 6D914B4B1DBDAEBC00413CA5;
			remoteInfo = GeneratorApp;
		};
		6D914B6C1DBDAEBD00413CA5 /* PBXContainerItemProxy */ = {
			isa = PBXContainerItemProxy;
			containerPortal = 6D914B441DBDAEBC00413CA5 /* Project object */;
			proxyType = 1;
			remoteGlobalIDString = 6D914B4B1DBDAEBC00413CA5;
			remoteInfo = GeneratorApp;
		};
/* End PBXContainerItemProxy section */

/* Begin PBXFileReference section */
		6D914B4C1DBDAEBD00413CA5 /* GeneratorApp.app */ = {isa = PBXFileReference; explicitFileType = wrapper.application; includeInIndex = 0; path = GeneratorApp.app; sourceTree = BUILT_PRODUCTS_DIR; };
		6D914B4F1DBDAEBD00413CA5 /* AppDelegate.swift */ = {isa = PBXFileReference; lastKnownFileType = sourcecode.swift; path = AppDelegate.swift; sourceTree = "<group>"; };
		6D914B511DBDAEBD00413CA5 /* ViewController.swift */ = {isa = PBXFileReference; lastKnownFileType = sourcecode.swift; path = ViewController.swift; sourceTree = "<group>"; };
		6D914B541DBDAEBD00413CA5 /* Base */ = {isa = PBXFileReference; lastKnownFileType = file.storyboard; name = Base; path = Base.lproj/Main.storyboard; sourceTree = "<group>"; };
		6D914B561DBDAEBD00413CA5 /* Assets.xcassets */ = {isa = PBXFileReference; lastKnownFileType = folder.assetcatalog; path = Assets.xcassets; sourceTree = "<group>"; };
		6D914B591DBDAEBD00413CA5 /* Base */ = {isa = PBXFileReference; lastKnownFileType = file.storyboard; name = Base; path = Base.lproj/LaunchScreen.storyboard; sourceTree = "<group>"; };
		6D914B5B1DBDAEBD00413CA5 /* Info.plist */ = {isa = PBXFileReference; lastKnownFileType = text.plist.xml; path = Info.plist; sourceTree = "<group>"; };
		6D914B601DBDAEBD00413CA5 /* GeneratorAppTests.xctest */ = {isa = PBXFileReference; explicitFileType = wrapper.cfbundle; includeInIndex = 0; path = GeneratorAppTests.xctest; sourceTree = BUILT_PRODUCTS_DIR; };
		6D914B641DBDAEBD00413CA5 /* GeneratorAppTests.swift */ = {isa = PBXFileReference; lastKnownFileType = sourcecode.swift; path = GeneratorAppTests.swift; sourceTree = "<group>"; };
		6D914B661DBDAEBD00413CA5 /* Info.plist */ = {isa = PBXFileReference; lastKnownFileType = text.plist.xml; path = Info.plist; sourceTree = "<group>"; };
		6D914B6B1DBDAEBD00413CA5 /* GeneratorAppUITests.xctest */ = {isa = PBXFileReference; explicitFileType = wrapper.cfbundle; includeInIndex = 0; path = GeneratorAppUITests.xctest; sourceTree = BUILT_PRODUCTS_DIR; };
		6D914B6F1DBDAEBD00413CA5 /* GeneratorAppUITests.swift */ = {isa = PBXFileReference; lastKnownFileType = sourcecode.swift; path = GeneratorAppUITests.swift; sourceTree = "<group>"; };
		6D914B711DBDAEBD00413CA5 /* Info.plist */ = {isa = PBXFileReference; lastKnownFileType = text.plist.xml; path = Info.plist; sourceTree = "<group>"; };
		6D914B7D1DBDB1E000413CA5 /* Optimist_Bd.ttf */ = {isa = PBXFileReference; lastKnownFileType = file; path = Optimist_Bd.ttf; sourceTree = "<group>"; };
		6D914B7E1DBDB1E000413CA5 /* Optimist_BdIt.ttf */ = {isa = PBXFileReference; lastKnownFileType = file; path = Optimist_BdIt.ttf; sourceTree = "<group>"; };
		6D914B7F1DBDB1E000413CA5 /* Optimist_It.ttf */ = {isa = PBXFileReference; lastKnownFileType = file; path = Optimist_It.ttf; sourceTree = "<group>"; };
		6D914B801DBDB1E000413CA5 /* Optimist_Lt.ttf */ = {isa = PBXFileReference; lastKnownFileType = file; path = Optimist_Lt.ttf; sourceTree = "<group>"; };
		6D914B811DBDB1E000413CA5 /* Optimist_LtIt.ttf */ = {isa = PBXFileReference; lastKnownFileType = file; path = Optimist_LtIt.ttf; sourceTree = "<group>"; };
		6D914B821DBDB1E000413CA5 /* Optimist_Rg.ttf */ = {isa = PBXFileReference; lastKnownFileType = file; path = Optimist_Rg.ttf; sourceTree = "<group>"; };
		6D914B831DBDB1E000413CA5 /* Optimist_SBd.ttf */ = {isa = PBXFileReference; lastKnownFileType = file; path = Optimist_SBd.ttf; sourceTree = "<group>"; };
		6D914B841DBDB1E000413CA5 /* Optimist_SBdIt.ttf */ = {isa = PBXFileReference; lastKnownFileType = file; path = Optimist_SBdIt.ttf; sourceTree = "<group>"; };
		6D914B851DBDB1E000413CA5 /* Optimist_XLt.ttf */ = {isa = PBXFileReference; lastKnownFileType = file; path = Optimist_XLt.ttf; sourceTree = "<group>"; };
		6D914B861DBDB1E000413CA5 /* Optimist_XLtIt.ttf */ = {isa = PBXFileReference; lastKnownFileType = file; path = Optimist_XLtIt.ttf; sourceTree = "<group>"; };
		6D914B921DBDC77600413CA5 /* LoginViewController.swift */ = {isa = PBXFileReference; fileEncoding = 4; lastKnownFileType = sourcecode.swift; path = LoginViewController.swift; sourceTree = "<group>"; };
		6D914B951DBDC93100413CA5 /* Common.swift */ = {isa = PBXFileReference; fileEncoding = 4; lastKnownFileType = sourcecode.swift; name = Common.swift; path = ../Common.swift; sourceTree = "<group>"; };
/* End PBXFileReference section */

/* Begin PBXFrameworksBuildPhase section */
		6D914B491DBDAEBC00413CA5 /* Frameworks */ = {
			isa = PBXFrameworksBuildPhase;
			buildActionMask = 2147483647;
			files = (
			);
			runOnlyForDeploymentPostprocessing = 0;
		};
		6D914B5D1DBDAEBD00413CA5 /* Frameworks */ = {
			isa = PBXFrameworksBuildPhase;
			buildActionMask = 2147483647;
			files = (
			);
			runOnlyForDeploymentPostprocessing = 0;
		};
		6D914B681DBDAEBD00413CA5 /* Frameworks */ = {
			isa = PBXFrameworksBuildPhase;
			buildActionMask = 2147483647;
			files = (
			);
			runOnlyForDeploymentPostprocessing = 0;
		};
/* End PBXFrameworksBuildPhase section */

/* Begin PBXGroup section */
		6D914B431DBDAEBC00413CA5 = {
			isa = PBXGroup;
			children = (
				6D914B4E1DBDAEBD00413CA5 /* GeneratorApp */,
				6D914B631DBDAEBD00413CA5 /* GeneratorAppTests */,
				6D914B6E1DBDAEBD00413CA5 /* GeneratorAppUITests */,
				6D914B4D1DBDAEBD00413CA5 /* Products */,
				6D914B911DBDB1E400413CA5 /* optimist */,
			);
			sourceTree = "<group>";
		};
		6D914B4D1DBDAEBD00413CA5 /* Products */ = {
			isa = PBXGroup;
			children = (
				6D914B4C1DBDAEBD00413CA5 /* GeneratorApp.app */,
				6D914B601DBDAEBD00413CA5 /* GeneratorAppTests.xctest */,
				6D914B6B1DBDAEBD00413CA5 /* GeneratorAppUITests.xctest */,
			);
			name = Products;
			sourceTree = "<group>";
		};
		6D914B4E1DBDAEBD00413CA5 /* GeneratorApp */ = {
			isa = PBXGroup;
			children = (
				6D914B951DBDC93100413CA5 /* Common.swift */,
				6D914B4F1DBDAEBD00413CA5 /* AppDelegate.swift */,
				6D914B941DBDC77B00413CA5 /* controllers */,
				6D914B531DBDAEBD00413CA5 /* Main.storyboard */,
				6D914B561DBDAEBD00413CA5 /* Assets.xcassets */,
				6D914B581DBDAEBD00413CA5 /* LaunchScreen.storyboard */,
				6D914B5B1DBDAEBD00413CA5 /* Info.plist */,
			);
			path = GeneratorApp;
			sourceTree = "<group>";
		};
		6D914B631DBDAEBD00413CA5 /* GeneratorAppTests */ = {
			isa = PBXGroup;
			children = (
				6D914B641DBDAEBD00413CA5 /* GeneratorAppTests.swift */,
				6D914B661DBDAEBD00413CA5 /* Info.plist */,
			);
			path = GeneratorAppTests;
			sourceTree = "<group>";
		};
		6D914B6E1DBDAEBD00413CA5 /* GeneratorAppUITests */ = {
			isa = PBXGroup;
			children = (
				6D914B6F1DBDAEBD00413CA5 /* GeneratorAppUITests.swift */,
				6D914B711DBDAEBD00413CA5 /* Info.plist */,
			);
			path = GeneratorAppUITests;
			sourceTree = "<group>";
		};
		6D914B911DBDB1E400413CA5 /* optimist */ = {
			isa = PBXGroup;
			children = (
				6D914B7D1DBDB1E000413CA5 /* Optimist_Bd.ttf */,
				6D914B7E1DBDB1E000413CA5 /* Optimist_BdIt.ttf */,
				6D914B7F1DBDB1E000413CA5 /* Optimist_It.ttf */,
				6D914B801DBDB1E000413CA5 /* Optimist_Lt.ttf */,
				6D914B811DBDB1E000413CA5 /* Optimist_LtIt.ttf */,
				6D914B821DBDB1E000413CA5 /* Optimist_Rg.ttf */,
				6D914B831DBDB1E000413CA5 /* Optimist_SBd.ttf */,
				6D914B841DBDB1E000413CA5 /* Optimist_SBdIt.ttf */,
				6D914B851DBDB1E000413CA5 /* Optimist_XLt.ttf */,
				6D914B861DBDB1E000413CA5 /* Optimist_XLtIt.ttf */,
			);
			name = optimist;
			sourceTree = "<group>";
		};
		6D914B941DBDC77B00413CA5 /* controllers */ = {
			isa = PBXGroup;
			children = (
				6D914B511DBDAEBD00413CA5 /* ViewController.swift */,
				6D914B921DBDC77600413CA5 /* LoginViewController.swift */,
			);
			name = controllers;
			sourceTree = "<group>";
		};
/* End PBXGroup section */

/* Begin PBXNativeTarget section */
		6D914B4B1DBDAEBC00413CA5 /* GeneratorApp */ = {
			isa = PBXNativeTarget;
			buildConfigurationList = 6D914B741DBDAEBD00413CA5 /* Build configuration list for PBXNativeTarget "GeneratorApp" */;
			buildPhases = (
				6D914B481DBDAEBC00413CA5 /* Sources */,
				6D914B491DBDAEBC00413CA5 /* Frameworks */,
				6D914B4A1DBDAEBC00413CA5 /* Resources */,
			);
			buildRules = (
			);
			dependencies = (
			);
			name = GeneratorApp;
			productName = GeneratorApp;
			productReference = 6D914B4C1DBDAEBD00413CA5 /* GeneratorApp.app */;
			productType = "com.apple.product-type.application";
		};
		6D914B5F1DBDAEBD00413CA5 /* GeneratorAppTests */ = {
			isa = PBXNativeTarget;
			buildConfigurationList = 6D914B771DBDAEBD00413CA5 /* Build configuration list for PBXNativeTarget "GeneratorAppTests" */;
			buildPhases = (
				6D914B5C1DBDAEBD00413CA5 /* Sources */,
				6D914B5D1DBDAEBD00413CA5 /* Frameworks */,
				6D914B5E1DBDAEBD00413CA5 /* Resources */,
			);
			buildRules = (
			);
			dependencies = (
				6D914B621DBDAEBD00413CA5 /* PBXTargetDependency */,
			);
			name = GeneratorAppTests;
			productName = GeneratorAppTests;
			productReference = 6D914B601DBDAEBD00413CA5 /* GeneratorAppTests.xctest */;
			productType = "com.apple.product-type.bundle.unit-test";
		};
		6D914B6A1DBDAEBD00413CA5 /* GeneratorAppUITests */ = {
			isa = PBXNativeTarget;
			buildConfigurationList = 6D914B7A1DBDAEBD00413CA5 /* Build configuration list for PBXNativeTarget "GeneratorAppUITests" */;
			buildPhases = (
				6D914B671DBDAEBD00413CA5 /* Sources */,
				6D914B681DBDAEBD00413CA5 /* Frameworks */,
				6D914B691DBDAEBD00413CA5 /* Resources */,
			);
			buildRules = (
			);
			dependencies = (
				6D914B6D1DBDAEBD00413CA5 /* PBXTargetDependency */,
			);
			name = GeneratorAppUITests;
			productName = GeneratorAppUITests;
			productReference = 6D914B6B1DBDAEBD00413CA5 /* GeneratorAppUITests.xctest */;
			productType = "com.apple.product-type.bundle.ui-testing";
		};
/* End PBXNativeTarget section */

/* Begin PBXProject section */
		6D914B441DBDAEBC00413CA5 /* Project object */ = {
			isa = PBXProject;
			attributes = {
				LastSwiftUpdateCheck = 0800;
				LastUpgradeCheck = 0800;
				ORGANIZATIONNAME = "Mullins, Griffin";
				TargetAttributes = {
					6D914B4B1DBDAEBC00413CA5 = {
						CreatedOnToolsVersion = 8.0;
						DevelopmentTeam = 59BGYH7DCM;
						ProvisioningStyle = Automatic;
					};
					6D914B5F1DBDAEBD00413CA5 = {
						CreatedOnToolsVersion = 8.0;
						DevelopmentTeam = 59BGYH7DCM;
						ProvisioningStyle = Automatic;
						TestTargetID = 6D914B4B1DBDAEBC00413CA5;
					};
					6D914B6A1DBDAEBD00413CA5 = {
						CreatedOnToolsVersion = 8.0;
						DevelopmentTeam = 59BGYH7DCM;
						ProvisioningStyle = Automatic;
						TestTargetID = 6D914B4B1DBDAEBC00413CA5;
					};
				};
			};
			buildConfigurationList = 6D914B471DBDAEBC00413CA5 /* Build configuration list for PBXProject "GeneratorApp" */;
			compatibilityVersion = "Xcode 3.2";
			developmentRegion = English;
			hasScannedForEncodings = 0;
			knownRegions = (
				en,
				Base,
			);
			mainGroup = 6D914B431DBDAEBC00413CA5;
			productRefGroup = 6D914B4D1DBDAEBD00413CA5 /* Products */;
			projectDirPath = "";
			projectRoot = "";
			targets = (
				6D914B4B1DBDAEBC00413CA5 /* GeneratorApp */,
				6D914B5F1DBDAEBD00413CA5 /* GeneratorAppTests */,
				6D914B6A1DBDAEBD00413CA5 /* GeneratorAppUITests */,
			);
		};
/* End PBXProject section */

/* Begin PBXResourcesBuildPhase section */
		6D914B4A1DBDAEBC00413CA5 /* Resources */ = {
			isa = PBXResourcesBuildPhase;
			buildActionMask = 2147483647;
			files = (
				6D914B8C1DBDB1E000413CA5 /* Optimist_Rg.ttf in Resources */,
				6D914B891DBDB1E000413CA5 /* Optimist_It.ttf in Resources */,
				6D914B8E1DBDB1E000413CA5 /* Optimist_SBdIt.ttf in Resources */,
				6D914B881DBDB1E000413CA5 /* Optimist_BdIt.ttf in Resources */,
				6D914B8D1DBDB1E000413CA5 /* Optimist_SBd.ttf in Resources */,
				6D914B8B1DBDB1E000413CA5 /* Optimist_LtIt.ttf in Resources */,
				6D914B5A1DBDAEBD00413CA5 /* LaunchScreen.storyboard in Resources */,
				6D914B8A1DBDB1E000413CA5 /* Optimist_Lt.ttf in Resources */,
				6D914B8F1DBDB1E000413CA5 /* Optimist_XLt.ttf in Resources */,
				6D914B871DBDB1E000413CA5 /* Optimist_Bd.ttf in Resources */,
				6D914B571DBDAEBD00413CA5 /* Assets.xcassets in Resources */,
				6D914B551DBDAEBD00413CA5 /* Main.storyboard in Resources */,
				6D914B901DBDB1E000413CA5 /* Optimist_XLtIt.ttf in Resources */,
			);
			runOnlyForDeploymentPostprocessing = 0;
		};
		6D914B5E1DBDAEBD00413CA5 /* Resources */ = {
			isa = PBXResourcesBuildPhase;
			buildActionMask = 2147483647;
			files = (
			);
			runOnlyForDeploymentPostprocessing = 0;
		};
		6D914B691DBDAEBD00413CA5 /* Resources */ = {
			isa = PBXResourcesBuildPhase;
			buildActionMask = 2147483647;
			files = (
			);
			runOnlyForDeploymentPostprocessing = 0;
		};
/* End PBXResourcesBuildPhase section */

/* Begin PBXSourcesBuildPhase section */
		6D914B481DBDAEBC00413CA5 /* Sources */ = {
			isa = PBXSourcesBuildPhase;
			buildActionMask = 2147483647;
			files = (
				6D914B961DBDC93100413CA5 /* Common.swift in Sources */,
				6D914B931DBDC77600413CA5 /* LoginViewController.swift in Sources */,
				6D914B521DBDAEBD00413CA5 /* ViewController.swift in Sources */,
				6D914B501DBDAEBD00413CA5 /* AppDelegate.swift in Sources */,
			);
			runOnlyForDeploymentPostprocessing = 0;
		};
		6D914B5C1DBDAEBD00413CA5 /* Sources */ = {
			isa = PBXSourcesBuildPhase;
			buildActionMask = 2147483647;
			files = (
				6D914B651DBDAEBD00413CA5 /* GeneratorAppTests.swift in Sources */,
			);
			runOnlyForDeploymentPostprocessing = 0;
		};
		6D914B671DBDAEBD00413CA5 /* Sources */ = {
			isa = PBXSourcesBuildPhase;
			buildActionMask = 2147483647;
			files = (
				6D914B701DBDAEBD00413CA5 /* GeneratorAppUITests.swift in Sources */,
			);
			runOnlyForDeploymentPostprocessing = 0;
		};
/* End PBXSourcesBuildPhase section */

/* Begin PBXTargetDependency section */
		6D914B621DBDAEBD00413CA5 /* PBXTargetDependency */ = {
			isa = PBXTargetDependency;
			target = 6D914B4B1DBDAEBC00413CA5 /* GeneratorApp */;
			targetProxy = 6D914B611DBDAEBD00413CA5 /* PBXContainerItemProxy */;
		};
		6D914B6D1DBDAEBD00413CA5 /* PBXTargetDependency */ = {
			isa = PBXTargetDependency;
			target = 6D914B4B1DBDAEBC00413CA5 /* GeneratorApp */;
			targetProxy = 6D914B6C1DBDAEBD00413CA5 /* PBXContainerItemProxy */;
		};
/* End PBXTargetDependency section */

/* Begin PBXVariantGroup section */
		6D914B531DBDAEBD00413CA5 /* Main.storyboard */ = {
			isa = PBXVariantGroup;
			children = (
				6D914B541DBDAEBD00413CA5 /* Base */,
			);
			name = Main.storyboard;
			sourceTree = "<group>";
		};
		6D914B581DBDAEBD00413CA5 /* LaunchScreen.storyboard */ = {
			isa = PBXVariantGroup;
			children = (
				6D914B591DBDAEBD00413CA5 /* Base */,
			);
			name = LaunchScreen.storyboard;
			sourceTree = "<group>";
		};
/* End PBXVariantGroup section */

/* Begin XCBuildConfiguration section */
		6D914B721DBDAEBD00413CA5 /* Debug */ = {
			isa = XCBuildConfiguration;
			buildSettings = {
				ALWAYS_SEARCH_USER_PATHS = NO;
				CLANG_ANALYZER_NONNULL = YES;
				CLANG_CXX_LANGUAGE_STANDARD = "gnu++0x";
				CLANG_CXX_LIBRARY = "libc++";
				CLANG_ENABLE_MODULES = YES;
				CLANG_ENABLE_OBJC_ARC = YES;
				CLANG_WARN_BOOL_CONVERSION = YES;
				CLANG_WARN_CONSTANT_CONVERSION = YES;
				CLANG_WARN_DIRECT_OBJC_ISA_USAGE = YES_ERROR;
				CLANG_WARN_DOCUMENTATION_COMMENTS = YES;
				CLANG_WARN_EMPTY_BODY = YES;
				CLANG_WARN_ENUM_CONVERSION = YES;
				CLANG_WARN_INFINITE_RECURSION = YES;
				CLANG_WARN_INT_CONVERSION = YES;
				CLANG_WARN_OBJC_ROOT_CLASS = YES_ERROR;
				CLANG_WARN_SUSPICIOUS_MOVES = YES;
				CLANG_WARN_UNREACHABLE_CODE = YES;
				CLANG_WARN__DUPLICATE_METHOD_MATCH = YES;
				"CODE_SIGN_IDENTITY[sdk=iphoneos*]" = "iPhone Developer";
				COPY_PHASE_STRIP = NO;
				DEBUG_INFORMATION_FORMAT = dwarf;
				ENABLE_STRICT_OBJC_MSGSEND = YES;
				ENABLE_TESTABILITY = YES;
				GCC_C_LANGUAGE_STANDARD = gnu99;
				GCC_DYNAMIC_NO_PIC = NO;
				GCC_NO_COMMON_BLOCKS = YES;
				GCC_OPTIMIZATION_LEVEL = 0;
				GCC_PREPROCESSOR_DEFINITIONS = (
					"DEBUG=1",
					"$(inherited)",
				);
				GCC_WARN_64_TO_32_BIT_CONVERSION = YES;
				GCC_WARN_ABOUT_RETURN_TYPE = YES_ERROR;
				GCC_WARN_UNDECLARED_SELECTOR = YES;
				GCC_WARN_UNINITIALIZED_AUTOS = YES_AGGRESSIVE;
				GCC_WARN_UNUSED_FUNCTION = YES;
				GCC_WARN_UNUSED_VARIABLE = YES;
				IPHONEOS_DEPLOYMENT_TARGET = 10.0;
				MTL_ENABLE_DEBUG_INFO = YES;
				ONLY_ACTIVE_ARCH = YES;
				SDKROOT = iphoneos;
				SWIFT_ACTIVE_COMPILATION_CONDITIONS = DEBUG;
				SWIFT_OPTIMIZATION_LEVEL = "-Onone";
				TARGETED_DEVICE_FAMILY = "1,2";
			};
			name = Debug;
		};
		6D914B731DBDAEBD00413CA5 /* Release */ = {
			isa = XCBuildConfiguration;
			buildSettings = {
				ALWAYS_SEARCH_USER_PATHS = NO;
				CLANG_ANALYZER_NONNULL = YES;
				CLANG_CXX_LANGUAGE_STANDARD = "gnu++0x";
				CLANG_CXX_LIBRARY = "libc++";
				CLANG_ENABLE_MODULES = YES;
				CLANG_ENABLE_OBJC_ARC = YES;
				CLANG_WARN_BOOL_CONVERSION = YES;
				CLANG_WARN_CONSTANT_CONVERSION = YES;
				CLANG_WARN_DIRECT_OBJC_ISA_USAGE = YES_ERROR;
				CLANG_WARN_DOCUMENTATION_COMMENTS = YES;
				CLANG_WARN_EMPTY_BODY = YES;
				CLANG_WARN_ENUM_CONVERSION = YES;
				CLANG_WARN_INFINITE_RECURSION = YES;
				CLANG_WARN_INT_CONVERSION = YES;
				CLANG_WARN_OBJC_ROOT_CLASS = YES_ERROR;
				CLANG_WARN_SUSPICIOUS_MOVES = YES;
				CLANG_WARN_UNREACHABLE_CODE = YES;
				CLANG_WARN__DUPLICATE_METHOD_MATCH = YES;
				"CODE_SIGN_IDENTITY[sdk=iphoneos*]" = "iPhone Developer";
				COPY_PHASE_STRIP = NO;
				DEBUG_INFORMATION_FORMAT = "dwarf-with-dsym";
				ENABLE_NS_ASSERTIONS = NO;
				ENABLE_STRICT_OBJC_MSGSEND = YES;
				GCC_C_LANGUAGE_STANDARD = gnu99;
				GCC_NO_COMMON_BLOCKS = YES;
				GCC_WARN_64_TO_32_BIT_CONVERSION = YES;
				GCC_WARN_ABOUT_RETURN_TYPE = YES_ERROR;
				GCC_WARN_UNDECLARED_SELECTOR = YES;
				GCC_WARN_UNINITIALIZED_AUTOS = YES_AGGRESSIVE;
				GCC_WARN_UNUSED_FUNCTION = YES;
				GCC_WARN_UNUSED_VARIABLE = YES;
				IPHONEOS_DEPLOYMENT_TARGET = 10.0;
				MTL_ENABLE_DEBUG_INFO = NO;
				SDKROOT = iphoneos;
				SWIFT_OPTIMIZATION_LEVEL = "-Owholemodule";
				TARGETED_DEVICE_FAMILY = "1,2";
				VALIDATE_PRODUCT = YES;
			};
			name = Release;
		};
		6D914B751DBDAEBD00413CA5 /* Debug */ = {
			isa = XCBuildConfiguration;
			buildSettings = {
				ASSETCATALOG_COMPILER_APPICON_NAME = AppIcon;
				DEVELOPMENT_TEAM = 59BGYH7DCM;
				INFOPLIST_FILE = GeneratorApp/Info.plist;
				LD_RUNPATH_SEARCH_PATHS = "$(inherited) @executable_path/Frameworks";
				PRODUCT_BUNDLE_IDENTIFIER = GM.GeneratorApp;
				PRODUCT_NAME = "$(TARGET_NAME)";
				SWIFT_VERSION = 3.0;
			};
			name = Debug;
		};
		6D914B761DBDAEBD00413CA5 /* Release */ = {
			isa = XCBuildConfiguration;
			buildSettings = {
				ASSETCATALOG_COMPILER_APPICON_NAME = AppIcon;
				DEVELOPMENT_TEAM = 59BGYH7DCM;
				INFOPLIST_FILE = GeneratorApp/Info.plist;
				LD_RUNPATH_SEARCH_PATHS = "$(inherited) @executable_path/Frameworks";
				PRODUCT_BUNDLE_IDENTIFIER = GM.GeneratorApp;
				PRODUCT_NAME = "$(TARGET_NAME)";
				SWIFT_VERSION = 3.0;
			};
			name = Release;
		};
		6D914B781DBDAEBD00413CA5 /* Debug */ = {
			isa = XCBuildConfiguration;
			buildSettings = {
				ALWAYS_EMBED_SWIFT_STANDARD_LIBRARIES = YES;
				BUNDLE_LOADER = "$(TEST_HOST)";
				DEVELOPMENT_TEAM = 59BGYH7DCM;
				INFOPLIST_FILE = GeneratorAppTests/Info.plist;
				LD_RUNPATH_SEARCH_PATHS = "$(inherited) @executable_path/Frameworks @loader_path/Frameworks";
				PRODUCT_BUNDLE_IDENTIFIER = GM.GeneratorAppTests;
				PRODUCT_NAME = "$(TARGET_NAME)";
				SWIFT_VERSION = 3.0;
				TEST_HOST = "$(BUILT_PRODUCTS_DIR)/GeneratorApp.app/GeneratorApp";
			};
			name = Debug;
		};
		6D914B791DBDAEBD00413CA5 /* Release */ = {
			isa = XCBuildConfiguration;
			buildSettings = {
				ALWAYS_EMBED_SWIFT_STANDARD_LIBRARIES = YES;
				BUNDLE_LOADER = "$(TEST_HOST)";
				DEVELOPMENT_TEAM = 59BGYH7DCM;
				INFOPLIST_FILE = GeneratorAppTests/Info.plist;
				LD_RUNPATH_SEARCH_PATHS = "$(inherited) @executable_path/Frameworks @loader_path/Frameworks";
				PRODUCT_BUNDLE_IDENTIFIER = GM.GeneratorAppTests;
				PRODUCT_NAME = "$(TARGET_NAME)";
				SWIFT_VERSION = 3.0;
				TEST_HOST = "$(BUILT_PRODUCTS_DIR)/GeneratorApp.app/GeneratorApp";
			};
			name = Release;
		};
		6D914B7B1DBDAEBD00413CA5 /* Debug */ = {
			isa = XCBuildConfiguration;
			buildSettings = {
				ALWAYS_EMBED_SWIFT_STANDARD_LIBRARIES = YES;
				DEVELOPMENT_TEAM = 59BGYH7DCM;
				INFOPLIST_FILE = GeneratorAppUITests/Info.plist;
				LD_RUNPATH_SEARCH_PATHS = "$(inherited) @executable_path/Frameworks @loader_path/Frameworks";
				PRODUCT_BUNDLE_IDENTIFIER = GM.GeneratorAppUITests;
				PRODUCT_NAME = "$(TARGET_NAME)";
				SWIFT_VERSION = 3.0;
				TEST_TARGET_NAME = GeneratorApp;
			};
			name = Debug;
		};
		6D914B7C1DBDAEBD00413CA5 /* Release */ = {
			isa = XCBuildConfiguration;
			buildSettings = {
				ALWAYS_EMBED_SWIFT_STANDARD_LIBRARIES = YES;
				DEVELOPMENT_TEAM = 59BGYH7DCM;
				INFOPLIST_FILE = GeneratorAppUITests/Info.plist;
				LD_RUNPATH_SEARCH_PATHS = "$(inherited) @executable_path/Frameworks @loader_path/Frameworks";
				PRODUCT_BUNDLE_IDENTIFIER = GM.GeneratorAppUITests;
				PRODUCT_NAME = "$(TARGET_NAME)";
				SWIFT_VERSION = 3.0;
				TEST_TARGET_NAME = GeneratorApp;
			};
			name = Release;
		};
/* End XCBuildConfiguration section */

/* Begin XCConfigurationList section */
		6D914B471DBDAEBC00413CA5 /* Build configuration list for PBXProject "GeneratorApp" */ = {
			isa = XCConfigurationList;
			buildConfigurations = (
				6D914B721DBDAEBD00413CA5 /* Debug */,
				6D914B731DBDAEBD00413CA5 /* Release */,
			);
			defaultConfigurationIsVisible = 0;
			defaultConfigurationName = Release;
		};
		6D914B741DBDAEBD00413CA5 /* Build configuration list for PBXNativeTarget "GeneratorApp" */ = {
			isa = XCConfigurationList;
			buildConfigurations = (
				6D914B751DBDAEBD00413CA5 /* Debug */,
				6D914B761DBDAEBD00413CA5 /* Release */,
			);
			defaultConfigurationIsVisible = 0;
		};
		6D914B771DBDAEBD00413CA5 /* Build configuration list for PBXNativeTarget "GeneratorAppTests" */ = {
			isa = XCConfigurationList;
			buildConfigurations = (
				6D914B781DBDAEBD00413CA5 /* Debug */,
				6D914B791DBDAEBD00413CA5 /* Release */,
			);
			defaultConfigurationIsVisible = 0;
		};
		6D914B7A1DBDAEBD00413CA5 /* Build configuration list for PBXNativeTarget "GeneratorAppUITests" */ = {
			isa = XCConfigurationList;
			buildConfigurations = (
				6D914B7B1DBDAEBD00413CA5 /* Debug */,
				6D914B7C1DBDAEBD00413CA5 /* Release */,
			);
			defaultConfigurationIsVisible = 0;
		};
/* End XCConfigurationList section */
	};
	rootObject = 6D914B441DBDAEBC00413CA5 /* Project object */;
}
