// !$*UTF8*$!
{
	archiveVersion = 1;
	classes = {
	};
	objectVersion = 46;
	objects = {

/* Begin PBXBuildFile section */
		580C9C6720FA3F43A992EDD5 /* Pods_GeneratorAppTests.framework in Frameworks */ = {isa = PBXBuildFile; fileRef = 2D11424CD39CFD0397893E27 /* Pods_GeneratorAppTests.framework */; };
		6D26AA591DC85C2200088307 /* EquipmentDetailStoryboard.storyboard in Resources */ = {isa = PBXBuildFile; fileRef = 6D26AA581DC85C2200088307 /* EquipmentDetailStoryboard.storyboard */; };
		6D26AA5B1DC85C5300088307 /* EquipmentDetailViewController.swift in Sources */ = {isa = PBXBuildFile; fileRef = 6D26AA5A1DC85C5300088307 /* EquipmentDetailViewController.swift */; };
		6D45A3061DC6ADB700124B02 /* DottedView.swift in Sources */ = {isa = PBXBuildFile; fileRef = 6D45A3051DC6ADB700124B02 /* DottedView.swift */; };
		6D45A3081DC6B2DE00124B02 /* EquipmentTabViewController.swift in Sources */ = {isa = PBXBuildFile; fileRef = 6D45A3071DC6B2DE00124B02 /* EquipmentTabViewController.swift */; };
		6D45A30A1DC6BBEE00124B02 /* EquipmentViewController.swift in Sources */ = {isa = PBXBuildFile; fileRef = 6D45A3091DC6BBEE00124B02 /* EquipmentViewController.swift */; };
		6D45A30C1DC6BCB800124B02 /* EquipmentTableViewCell.swift in Sources */ = {isa = PBXBuildFile; fileRef = 6D45A30B1DC6BCB800124B02 /* EquipmentTableViewCell.swift */; };
		6D72B4231DCD337F00FA3F3E /* MaterialCollectionViewCell.swift in Sources */ = {isa = PBXBuildFile; fileRef = 6D72B4221DCD337F00FA3F3E /* MaterialCollectionViewCell.swift */; };
		6D914B501DBDAEBD00413CA5 /* AppDelegate.swift in Sources */ = {isa = PBXBuildFile; fileRef = 6D914B4F1DBDAEBD00413CA5 /* AppDelegate.swift */; };
		6D914B521DBDAEBD00413CA5 /* ViewController.swift in Sources */ = {isa = PBXBuildFile; fileRef = 6D914B511DBDAEBD00413CA5 /* ViewController.swift */; };
		6D914B551DBDAEBD00413CA5 /* Main.storyboard in Resources */ = {isa = PBXBuildFile; fileRef = 6D914B531DBDAEBD00413CA5 /* Main.storyboard */; };
		6D914B571DBDAEBD00413CA5 /* Assets.xcassets in Resources */ = {isa = PBXBuildFile; fileRef = 6D914B561DBDAEBD00413CA5 /* Assets.xcassets */; };
		6D914B5A1DBDAEBD00413CA5 /* LaunchScreen.storyboard in Resources */ = {isa = PBXBuildFile; fileRef = 6D914B581DBDAEBD00413CA5 /* LaunchScreen.storyboard */; };
		6D914B651DBDAEBD00413CA5 /* GeneratorAppTests.swift in Sources */ = {isa = PBXBuildFile; fileRef = 6D914B641DBDAEBD00413CA5 /* GeneratorAppTests.swift */; };
		6D914B701DBDAEBD00413CA5 /* GeneratorAppUITests.swift in Sources */ = {isa = PBXBuildFile; fileRef = 6D914B6F1DBDAEBD00413CA5 /* GeneratorAppUITests.swift */; };
		6D914B871DBDB1E000413CA5 /* Optimist_Bd.ttf in Resources */ = {isa = PBXBuildFile; fileRef = 6D914B7D1DBDB1E000413CA5 /* Optimist_Bd.ttf */; };
		6D914B881DBDB1E000413CA5 /* Optimist_BdIt.ttf in Resources */ = {isa = PBXBuildFile; fileRef = 6D914B7E1DBDB1E000413CA5 /* Optimist_BdIt.ttf */; };
		6D914B891DBDB1E000413CA5 /* Optimist_It.ttf in Resources */ = {isa = PBXBuildFile; fileRef = 6D914B7F1DBDB1E000413CA5 /* Optimist_It.ttf */; };
		6D914B8A1DBDB1E000413CA5 /* Optimist_Lt.ttf in Resources */ = {isa = PBXBuildFile; fileRef = 6D914B801DBDB1E000413CA5 /* Optimist_Lt.ttf */; };
		6D914B8B1DBDB1E000413CA5 /* Optimist_LtIt.ttf in Resources */ = {isa = PBXBuildFile; fileRef = 6D914B811DBDB1E000413CA5 /* Optimist_LtIt.ttf */; };
		6D914B8C1DBDB1E000413CA5 /* Optimist_Rg.ttf in Resources */ = {isa = PBXBuildFile; fileRef = 6D914B821DBDB1E000413CA5 /* Optimist_Rg.ttf */; };
		6D914B8D1DBDB1E000413CA5 /* Optimist_SBd.ttf in Resources */ = {isa = PBXBuildFile; fileRef = 6D914B831DBDB1E000413CA5 /* Optimist_SBd.ttf */; };
		6D914B8E1DBDB1E000413CA5 /* Optimist_SBdIt.ttf in Resources */ = {isa = PBXBuildFile; fileRef = 6D914B841DBDB1E000413CA5 /* Optimist_SBdIt.ttf */; };
		6D914B8F1DBDB1E000413CA5 /* Optimist_XLt.ttf in Resources */ = {isa = PBXBuildFile; fileRef = 6D914B851DBDB1E000413CA5 /* Optimist_XLt.ttf */; };
		6D914B901DBDB1E000413CA5 /* Optimist_XLtIt.ttf in Resources */ = {isa = PBXBuildFile; fileRef = 6D914B861DBDB1E000413CA5 /* Optimist_XLtIt.ttf */; };
		6D914B931DBDC77600413CA5 /* LoginViewController.swift in Sources */ = {isa = PBXBuildFile; fileRef = 6D914B921DBDC77600413CA5 /* LoginViewController.swift */; };
		6D914B961DBDC93100413CA5 /* Common.swift in Sources */ = {isa = PBXBuildFile; fileRef = 6D914B951DBDC93100413CA5 /* Common.swift */; };
		6D9666401DD958830079D40E /* CircuitBreakerUITabTableViewCell.swift in Sources */ = {isa = PBXBuildFile; fileRef = 6D96663F1DD958830079D40E /* CircuitBreakerUITabTableViewCell.swift */; };
		6D97BD8B1DC10F9A00FEB78C /* SpaceLabel.swift in Sources */ = {isa = PBXBuildFile; fileRef = 6D97BD8A1DC10F9A00FEB78C /* SpaceLabel.swift */; };
		6D97BD8D1DC11A7800FEB78C /* TabViewController.swift in Sources */ = {isa = PBXBuildFile; fileRef = 6D97BD8C1DC11A7800FEB78C /* TabViewController.swift */; };
		6D9933F11DC5181200F697C2 /* FooterTableViewCell.swift in Sources */ = {isa = PBXBuildFile; fileRef = 6D9933F01DC5181200F697C2 /* FooterTableViewCell.swift */; };
		6D9933F31DC68C0C00F697C2 /* TabViewStoryBoard.storyboard in Resources */ = {isa = PBXBuildFile; fileRef = 6D9933F21DC68C0C00F697C2 /* TabViewStoryBoard.storyboard */; };
		6D9933F71DC68E7B00F697C2 /* PrincipleStoryboard.storyboard in Resources */ = {isa = PBXBuildFile; fileRef = 6D9933F61DC68E7B00F697C2 /* PrincipleStoryboard.storyboard */; };
		6D9933F91DC6918B00F697C2 /* ProjectStoryboard.storyboard in Resources */ = {isa = PBXBuildFile; fileRef = 6D9933F81DC6918B00F697C2 /* ProjectStoryboard.storyboard */; };
		6D9933FB1DC692AF00F697C2 /* EquipmentStoryboard.storyboard in Resources */ = {isa = PBXBuildFile; fileRef = 6D9933FA1DC692AF00F697C2 /* EquipmentStoryboard.storyboard */; };
		6D9CB4081DD6638500893B18 /* GameStoryboard.storyboard in Resources */ = {isa = PBXBuildFile; fileRef = 6D9CB4071DD6638500893B18 /* GameStoryboard.storyboard */; };
		6D9CB40A1DD6641B00893B18 /* GameViewController.swift in Sources */ = {isa = PBXBuildFile; fileRef = 6D9CB4091DD6641B00893B18 /* GameViewController.swift */; };
		6D9CB40C1DD6738300893B18 /* FullRoundView.swift in Sources */ = {isa = PBXBuildFile; fileRef = 6D9CB40B1DD6738300893B18 /* FullRoundView.swift */; };
		6DA046181DCFFAB4006D1D99 /* LaunchSplashViewController.swift in Sources */ = {isa = PBXBuildFile; fileRef = 6DA046171DCFFAB4006D1D99 /* LaunchSplashViewController.swift */; };
		6DAE114F1DCFFE540034D485 /* BaseTransition.swift in Sources */ = {isa = PBXBuildFile; fileRef = 6DAE114D1DCFFE540034D485 /* BaseTransition.swift */; };
		6DAE11501DCFFE540034D485 /* FadeTransition.swift in Sources */ = {isa = PBXBuildFile; fileRef = 6DAE114E1DCFFE540034D485 /* FadeTransition.swift */; };
		6DAE11531DD02EB90034D485 /* LaunchTransition.swift in Sources */ = {isa = PBXBuildFile; fileRef = 6DAE11521DD02EB90034D485 /* LaunchTransition.swift */; };
		6DAE11551DD037100034D485 /* LoginStoryboard.storyboard in Resources */ = {isa = PBXBuildFile; fileRef = 6DAE11541DD037100034D485 /* LoginStoryboard.storyboard */; };
		6DB076DE1DD9632200CE41FF /* ShareTableViewCell.swift in Sources */ = {isa = PBXBuildFile; fileRef = 6DB076DD1DD9632200CE41FF /* ShareTableViewCell.swift */; };
		6DB076E21DD9722000CE41FF /* EndGameTransition.swift in Sources */ = {isa = PBXBuildFile; fileRef = 6DB076E11DD9722000CE41FF /* EndGameTransition.swift */; };
		6DDE03B61DC80FA200738582 /* MaterialsViewController.swift in Sources */ = {isa = PBXBuildFile; fileRef = 6DDE03B51DC80FA200738582 /* MaterialsViewController.swift */; };
		6DE460BB1DCC30270019099B /* EquipmentClass.swift in Sources */ = {isa = PBXBuildFile; fileRef = 6DE460BA1DCC30270019099B /* EquipmentClass.swift */; };
		6DE769441DC1766A0076D12B /* PrincipalViewController.swift in Sources */ = {isa = PBXBuildFile; fileRef = 6DE769431DC1766A0076D12B /* PrincipalViewController.swift */; };
		6DE769461DC17D7A0076D12B /* PrincipalTableViewCell.swift in Sources */ = {isa = PBXBuildFile; fileRef = 6DE769451DC17D7A0076D12B /* PrincipalTableViewCell.swift */; };
		6DF300101DD69AF8004CA955 /* GameScene.swift in Sources */ = {isa = PBXBuildFile; fileRef = 6DF3000F1DD69AF8004CA955 /* GameScene.swift */; };
		6DF300121DD7CE67004CA955 /* GameEndViewController.swift in Sources */ = {isa = PBXBuildFile; fileRef = 6DF300111DD7CE67004CA955 /* GameEndViewController.swift */; };
		8CF61791634035F0B77D3D19 /* Pods_GeneratorApp.framework in Frameworks */ = {isa = PBXBuildFile; fileRef = E5B28241CA7E3FEF5C3831CC /* Pods_GeneratorApp.framework */; };
		9F38881A6E05E0847A7FBBFC /* Pods_GeneratorAppUITests.framework in Frameworks */ = {isa = PBXBuildFile; fileRef = AE2A1041EC503BBBED8C28FD /* Pods_GeneratorAppUITests.framework */; };
		C893E21C1DD6A02100B4D4BC /* ProjectViewController.swift in Sources */ = {isa = PBXBuildFile; fileRef = C893E21B1DD6A02100B4D4BC /* ProjectViewController.swift */; };
		C893E21E1DD6A0C900B4D4BC /* ProjectTableViewCell.swift in Sources */ = {isa = PBXBuildFile; fileRef = C893E21D1DD6A0C900B4D4BC /* ProjectTableViewCell.swift */; };
/* End PBXBuildFile section */

/* Begin PBXContainerItemProxy section */
		6D914B611DBDAEBD00413CA5 /* PBXContainerItemProxy */ = {
			isa = PBXContainerItemProxy;
			containerPortal = 6D914B441DBDAEBC00413CA5 /* Project object */;
			proxyType = 1;
			remoteGlobalIDString = 6D914B4B1DBDAEBC00413CA5;
			remoteInfo = GeneratorApp;
		};
		6D914B6C1DBDAEBD00413CA5 /* PBXContainerItemProxy */ = {
			isa = PBXContainerItemProxy;
			containerPortal = 6D914B441DBDAEBC00413CA5 /* Project object */;
			proxyType = 1;
			remoteGlobalIDString = 6D914B4B1DBDAEBC00413CA5;
			remoteInfo = GeneratorApp;
		};
/* End PBXContainerItemProxy section */

/* Begin PBXFileReference section */
		0ECAC1C57CE61EAD834B0D0D /* Pods-GeneratorAppUITests.release.xcconfig */ = {isa = PBXFileReference; includeInIndex = 1; lastKnownFileType = text.xcconfig; name = "Pods-GeneratorAppUITests.release.xcconfig"; path = "Pods/Target Support Files/Pods-GeneratorAppUITests/Pods-GeneratorAppUITests.release.xcconfig"; sourceTree = "<group>"; };
		2D11424CD39CFD0397893E27 /* Pods_GeneratorAppTests.framework */ = {isa = PBXFileReference; explicitFileType = wrapper.framework; includeInIndex = 0; path = Pods_GeneratorAppTests.framework; sourceTree = BUILT_PRODUCTS_DIR; };
		589B8500EE25EC2718EE44A6 /* Pods-GeneratorAppUITests.debug.xcconfig */ = {isa = PBXFileReference; includeInIndex = 1; lastKnownFileType = text.xcconfig; name = "Pods-GeneratorAppUITests.debug.xcconfig"; path = "Pods/Target Support Files/Pods-GeneratorAppUITests/Pods-GeneratorAppUITests.debug.xcconfig"; sourceTree = "<group>"; };
		5CD1D2D2DB18845597E23695 /* Pods-GeneratorAppTests.debug.xcconfig */ = {isa = PBXFileReference; includeInIndex = 1; lastKnownFileType = text.xcconfig; name = "Pods-GeneratorAppTests.debug.xcconfig"; path = "Pods/Target Support Files/Pods-GeneratorAppTests/Pods-GeneratorAppTests.debug.xcconfig"; sourceTree = "<group>"; };
		6D26AA581DC85C2200088307 /* EquipmentDetailStoryboard.storyboard */ = {isa = PBXFileReference; fileEncoding = 4; lastKnownFileType = file.storyboard; path = EquipmentDetailStoryboard.storyboard; sourceTree = "<group>"; };
		6D26AA5A1DC85C5300088307 /* EquipmentDetailViewController.swift */ = {isa = PBXFileReference; fileEncoding = 4; lastKnownFileType = sourcecode.swift; path = EquipmentDetailViewController.swift; sourceTree = "<group>"; };
		6D45A3051DC6ADB700124B02 /* DottedView.swift */ = {isa = PBXFileReference; fileEncoding = 4; lastKnownFileType = sourcecode.swift; path = DottedView.swift; sourceTree = "<group>"; };
		6D45A3071DC6B2DE00124B02 /* EquipmentTabViewController.swift */ = {isa = PBXFileReference; fileEncoding = 4; lastKnownFileType = sourcecode.swift; path = EquipmentTabViewController.swift; sourceTree = "<group>"; };
		6D45A3091DC6BBEE00124B02 /* EquipmentViewController.swift */ = {isa = PBXFileReference; fileEncoding = 4; lastKnownFileType = sourcecode.swift; path = EquipmentViewController.swift; sourceTree = "<group>"; };
		6D45A30B1DC6BCB800124B02 /* EquipmentTableViewCell.swift */ = {isa = PBXFileReference; fileEncoding = 4; lastKnownFileType = sourcecode.swift; path = EquipmentTableViewCell.swift; sourceTree = "<group>"; };
		6D72B4221DCD337F00FA3F3E /* MaterialCollectionViewCell.swift */ = {isa = PBXFileReference; fileEncoding = 4; lastKnownFileType = sourcecode.swift; name = MaterialCollectionViewCell.swift; path = ../MaterialCollectionViewCell.swift; sourceTree = "<group>"; };
		6D914B4C1DBDAEBD00413CA5 /* GeneratorApp.app */ = {isa = PBXFileReference; explicitFileType = wrapper.application; includeInIndex = 0; path = GeneratorApp.app; sourceTree = BUILT_PRODUCTS_DIR; };
		6D914B4F1DBDAEBD00413CA5 /* AppDelegate.swift */ = {isa = PBXFileReference; lastKnownFileType = sourcecode.swift; path = AppDelegate.swift; sourceTree = "<group>"; };
		6D914B511DBDAEBD00413CA5 /* ViewController.swift */ = {isa = PBXFileReference; lastKnownFileType = sourcecode.swift; path = ViewController.swift; sourceTree = "<group>"; };
		6D914B541DBDAEBD00413CA5 /* Base */ = {isa = PBXFileReference; lastKnownFileType = file.storyboard; name = Base; path = Base.lproj/Main.storyboard; sourceTree = "<group>"; };
		6D914B561DBDAEBD00413CA5 /* Assets.xcassets */ = {isa = PBXFileReference; lastKnownFileType = folder.assetcatalog; path = Assets.xcassets; sourceTree = "<group>"; };
		6D914B591DBDAEBD00413CA5 /* Base */ = {isa = PBXFileReference; lastKnownFileType = file.storyboard; name = Base; path = Base.lproj/LaunchScreen.storyboard; sourceTree = "<group>"; };
		6D914B5B1DBDAEBD00413CA5 /* Info.plist */ = {isa = PBXFileReference; lastKnownFileType = text.plist.xml; path = Info.plist; sourceTree = "<group>"; };
		6D914B601DBDAEBD00413CA5 /* GeneratorAppTests.xctest */ = {isa = PBXFileReference; explicitFileType = wrapper.cfbundle; includeInIndex = 0; path = GeneratorAppTests.xctest; sourceTree = BUILT_PRODUCTS_DIR; };
		6D914B641DBDAEBD00413CA5 /* GeneratorAppTests.swift */ = {isa = PBXFileReference; lastKnownFileType = sourcecode.swift; path = GeneratorAppTests.swift; sourceTree = "<group>"; };
		6D914B661DBDAEBD00413CA5 /* Info.plist */ = {isa = PBXFileReference; lastKnownFileType = text.plist.xml; path = Info.plist; sourceTree = "<group>"; };
		6D914B6B1DBDAEBD00413CA5 /* GeneratorAppUITests.xctest */ = {isa = PBXFileReference; explicitFileType = wrapper.cfbundle; includeInIndex = 0; path = GeneratorAppUITests.xctest; sourceTree = BUILT_PRODUCTS_DIR; };
		6D914B6F1DBDAEBD00413CA5 /* GeneratorAppUITests.swift */ = {isa = PBXFileReference; lastKnownFileType = sourcecode.swift; path = GeneratorAppUITests.swift; sourceTree = "<group>"; };
		6D914B711DBDAEBD00413CA5 /* Info.plist */ = {isa = PBXFileReference; lastKnownFileType = text.plist.xml; path = Info.plist; sourceTree = "<group>"; };
		6D914B7D1DBDB1E000413CA5 /* Optimist_Bd.ttf */ = {isa = PBXFileReference; lastKnownFileType = file; path = Optimist_Bd.ttf; sourceTree = "<group>"; };
		6D914B7E1DBDB1E000413CA5 /* Optimist_BdIt.ttf */ = {isa = PBXFileReference; lastKnownFileType = file; path = Optimist_BdIt.ttf; sourceTree = "<group>"; };
		6D914B7F1DBDB1E000413CA5 /* Optimist_It.ttf */ = {isa = PBXFileReference; lastKnownFileType = file; path = Optimist_It.ttf; sourceTree = "<group>"; };
		6D914B801DBDB1E000413CA5 /* Optimist_Lt.ttf */ = {isa = PBXFileReference; lastKnownFileType = file; path = Optimist_Lt.ttf; sourceTree = "<group>"; };
		6D914B811DBDB1E000413CA5 /* Optimist_LtIt.ttf */ = {isa = PBXFileReference; lastKnownFileType = file; path = Optimist_LtIt.ttf; sourceTree = "<group>"; };
		6D914B821DBDB1E000413CA5 /* Optimist_Rg.ttf */ = {isa = PBXFileReference; lastKnownFileType = file; path = Optimist_Rg.ttf; sourceTree = "<group>"; };
		6D914B831DBDB1E000413CA5 /* Optimist_SBd.ttf */ = {isa = PBXFileReference; lastKnownFileType = file; path = Optimist_SBd.ttf; sourceTree = "<group>"; };
		6D914B841DBDB1E000413CA5 /* Optimist_SBdIt.ttf */ = {isa = PBXFileReference; lastKnownFileType = file; path = Optimist_SBdIt.ttf; sourceTree = "<group>"; };
		6D914B851DBDB1E000413CA5 /* Optimist_XLt.ttf */ = {isa = PBXFileReference; lastKnownFileType = file; path = Optimist_XLt.ttf; sourceTree = "<group>"; };
		6D914B861DBDB1E000413CA5 /* Optimist_XLtIt.ttf */ = {isa = PBXFileReference; lastKnownFileType = file; path = Optimist_XLtIt.ttf; sourceTree = "<group>"; };
		6D914B921DBDC77600413CA5 /* LoginViewController.swift */ = {isa = PBXFileReference; fileEncoding = 4; lastKnownFileType = sourcecode.swift; path = LoginViewController.swift; sourceTree = "<group>"; };
		6D914B951DBDC93100413CA5 /* Common.swift */ = {isa = PBXFileReference; fileEncoding = 4; lastKnownFileType = sourcecode.swift; name = Common.swift; path = ../Common.swift; sourceTree = "<group>"; };
		6D96663F1DD958830079D40E /* CircuitBreakerUITabTableViewCell.swift */ = {isa = PBXFileReference; fileEncoding = 4; lastKnownFileType = sourcecode.swift; path = CircuitBreakerUITabTableViewCell.swift; sourceTree = "<group>"; };
		6D97BD8A1DC10F9A00FEB78C /* SpaceLabel.swift */ = {isa = PBXFileReference; fileEncoding = 4; lastKnownFileType = sourcecode.swift; path = SpaceLabel.swift; sourceTree = "<group>"; };
		6D97BD8C1DC11A7800FEB78C /* TabViewController.swift */ = {isa = PBXFileReference; fileEncoding = 4; lastKnownFileType = sourcecode.swift; path = TabViewController.swift; sourceTree = "<group>"; };
		6D9933F01DC5181200F697C2 /* FooterTableViewCell.swift */ = {isa = PBXFileReference; fileEncoding = 4; lastKnownFileType = sourcecode.swift; name = FooterTableViewCell.swift; path = ../FooterTableViewCell.swift; sourceTree = "<group>"; };
		6D9933F21DC68C0C00F697C2 /* TabViewStoryBoard.storyboard */ = {isa = PBXFileReference; fileEncoding = 4; lastKnownFileType = file.storyboard; path = TabViewStoryBoard.storyboard; sourceTree = "<group>"; };
		6D9933F61DC68E7B00F697C2 /* PrincipleStoryboard.storyboard */ = {isa = PBXFileReference; fileEncoding = 4; lastKnownFileType = file.storyboard; path = PrincipleStoryboard.storyboard; sourceTree = "<group>"; };
		6D9933F81DC6918B00F697C2 /* ProjectStoryboard.storyboard */ = {isa = PBXFileReference; fileEncoding = 4; lastKnownFileType = file.storyboard; path = ProjectStoryboard.storyboard; sourceTree = "<group>"; };
		6D9933FA1DC692AF00F697C2 /* EquipmentStoryboard.storyboard */ = {isa = PBXFileReference; fileEncoding = 4; lastKnownFileType = file.storyboard; path = EquipmentStoryboard.storyboard; sourceTree = "<group>"; };
		6D9CB4071DD6638500893B18 /* GameStoryboard.storyboard */ = {isa = PBXFileReference; fileEncoding = 4; lastKnownFileType = file.storyboard; path = GameStoryboard.storyboard; sourceTree = "<group>"; };
		6D9CB4091DD6641B00893B18 /* GameViewController.swift */ = {isa = PBXFileReference; fileEncoding = 4; lastKnownFileType = sourcecode.swift; path = GameViewController.swift; sourceTree = "<group>"; };
		6D9CB40B1DD6738300893B18 /* FullRoundView.swift */ = {isa = PBXFileReference; fileEncoding = 4; lastKnownFileType = sourcecode.swift; path = FullRoundView.swift; sourceTree = "<group>"; };
		6DA046171DCFFAB4006D1D99 /* LaunchSplashViewController.swift */ = {isa = PBXFileReference; fileEncoding = 4; lastKnownFileType = sourcecode.swift; path = LaunchSplashViewController.swift; sourceTree = "<group>"; };
		6DAE114D1DCFFE540034D485 /* BaseTransition.swift */ = {isa = PBXFileReference; fileEncoding = 4; lastKnownFileType = sourcecode.swift; path = BaseTransition.swift; sourceTree = "<group>"; };
		6DAE114E1DCFFE540034D485 /* FadeTransition.swift */ = {isa = PBXFileReference; fileEncoding = 4; lastKnownFileType = sourcecode.swift; path = FadeTransition.swift; sourceTree = "<group>"; };
		6DAE11521DD02EB90034D485 /* LaunchTransition.swift */ = {isa = PBXFileReference; fileEncoding = 4; lastKnownFileType = sourcecode.swift; path = LaunchTransition.swift; sourceTree = "<group>"; };
		6DAE11541DD037100034D485 /* LoginStoryboard.storyboard */ = {isa = PBXFileReference; fileEncoding = 4; lastKnownFileType = file.storyboard; path = LoginStoryboard.storyboard; sourceTree = "<group>"; };
		6DB076DD1DD9632200CE41FF /* ShareTableViewCell.swift */ = {isa = PBXFileReference; fileEncoding = 4; lastKnownFileType = sourcecode.swift; path = ShareTableViewCell.swift; sourceTree = "<group>"; };
		6DB076E11DD9722000CE41FF /* EndGameTransition.swift */ = {isa = PBXFileReference; fileEncoding = 4; lastKnownFileType = sourcecode.swift; path = EndGameTransition.swift; sourceTree = "<group>"; };
		6DDE03B51DC80FA200738582 /* MaterialsViewController.swift */ = {isa = PBXFileReference; fileEncoding = 4; lastKnownFileType = sourcecode.swift; path = MaterialsViewController.swift; sourceTree = "<group>"; };
		6DE460BA1DCC30270019099B /* EquipmentClass.swift */ = {isa = PBXFileReference; fileEncoding = 4; lastKnownFileType = sourcecode.swift; path = EquipmentClass.swift; sourceTree = "<group>"; };
		6DE769431DC1766A0076D12B /* PrincipalViewController.swift */ = {isa = PBXFileReference; fileEncoding = 4; lastKnownFileType = sourcecode.swift; path = PrincipalViewController.swift; sourceTree = "<group>"; };
		6DE769451DC17D7A0076D12B /* PrincipalTableViewCell.swift */ = {isa = PBXFileReference; fileEncoding = 4; lastKnownFileType = sourcecode.swift; path = PrincipalTableViewCell.swift; sourceTree = "<group>"; };
		6DF3000F1DD69AF8004CA955 /* GameScene.swift */ = {isa = PBXFileReference; fileEncoding = 4; lastKnownFileType = sourcecode.swift; path = GameScene.swift; sourceTree = "<group>"; };
		6DF300111DD7CE67004CA955 /* GameEndViewController.swift */ = {isa = PBXFileReference; fileEncoding = 4; lastKnownFileType = sourcecode.swift; path = GameEndViewController.swift; sourceTree = "<group>"; };
		77AC1BBEEAC2209575FD2D71 /* Pods-GeneratorApp.release.xcconfig */ = {isa = PBXFileReference; includeInIndex = 1; lastKnownFileType = text.xcconfig; name = "Pods-GeneratorApp.release.xcconfig"; path = "Pods/Target Support Files/Pods-GeneratorApp/Pods-GeneratorApp.release.xcconfig"; sourceTree = "<group>"; };
		7EFC8A882D77AF75057D5E45 /* Pods-GeneratorAppTests.release.xcconfig */ = {isa = PBXFileReference; includeInIndex = 1; lastKnownFileType = text.xcconfig; name = "Pods-GeneratorAppTests.release.xcconfig"; path = "Pods/Target Support Files/Pods-GeneratorAppTests/Pods-GeneratorAppTests.release.xcconfig"; sourceTree = "<group>"; };
		9459980DF6B06F28DB311F5A /* Pods-GeneratorApp.debug.xcconfig */ = {isa = PBXFileReference; includeInIndex = 1; lastKnownFileType = text.xcconfig; name = "Pods-GeneratorApp.debug.xcconfig"; path = "Pods/Target Support Files/Pods-GeneratorApp/Pods-GeneratorApp.debug.xcconfig"; sourceTree = "<group>"; };
		AE2A1041EC503BBBED8C28FD /* Pods_GeneratorAppUITests.framework */ = {isa = PBXFileReference; explicitFileType = wrapper.framework; includeInIndex = 0; path = Pods_GeneratorAppUITests.framework; sourceTree = BUILT_PRODUCTS_DIR; };
		C893E21B1DD6A02100B4D4BC /* ProjectViewController.swift */ = {isa = PBXFileReference; fileEncoding = 4; lastKnownFileType = sourcecode.swift; path = ProjectViewController.swift; sourceTree = "<group>"; };
		C893E21D1DD6A0C900B4D4BC /* ProjectTableViewCell.swift */ = {isa = PBXFileReference; fileEncoding = 4; lastKnownFileType = sourcecode.swift; path = ProjectTableViewCell.swift; sourceTree = "<group>"; };
		E5B28241CA7E3FEF5C3831CC /* Pods_GeneratorApp.framework */ = {isa = PBXFileReference; explicitFileType = wrapper.framework; includeInIndex = 0; path = Pods_GeneratorApp.framework; sourceTree = BUILT_PRODUCTS_DIR; };
/* End PBXFileReference section */

/* Begin PBXFrameworksBuildPhase section */
		6D914B491DBDAEBC00413CA5 /* Frameworks */ = {
			isa = PBXFrameworksBuildPhase;
			buildActionMask = 2147483647;
			files = (
				8CF61791634035F0B77D3D19 /* Pods_GeneratorApp.framework in Frameworks */,
			);
			runOnlyForDeploymentPostprocessing = 0;
		};
		6D914B5D1DBDAEBD00413CA5 /* Frameworks */ = {
			isa = PBXFrameworksBuildPhase;
			buildActionMask = 2147483647;
			files = (
				580C9C6720FA3F43A992EDD5 /* Pods_GeneratorAppTests.framework in Frameworks */,
			);
			runOnlyForDeploymentPostprocessing = 0;
		};
		6D914B681DBDAEBD00413CA5 /* Frameworks */ = {
			isa = PBXFrameworksBuildPhase;
			buildActionMask = 2147483647;
			files = (
				9F38881A6E05E0847A7FBBFC /* Pods_GeneratorAppUITests.framework in Frameworks */,
			);
			runOnlyForDeploymentPostprocessing = 0;
		};
/* End PBXFrameworksBuildPhase section */

/* Begin PBXGroup section */
		0839931632BC5870E07F75AA /* Frameworks */ = {
			isa = PBXGroup;
			children = (
				E5B28241CA7E3FEF5C3831CC /* Pods_GeneratorApp.framework */,
				2D11424CD39CFD0397893E27 /* Pods_GeneratorAppTests.framework */,
				AE2A1041EC503BBBED8C28FD /* Pods_GeneratorAppUITests.framework */,
			);
			name = Frameworks;
			sourceTree = "<group>";
		};
		3B7A374EA1EAB262D52692E2 /* Pods */ = {
			isa = PBXGroup;
			children = (
				9459980DF6B06F28DB311F5A /* Pods-GeneratorApp.debug.xcconfig */,
				77AC1BBEEAC2209575FD2D71 /* Pods-GeneratorApp.release.xcconfig */,
				5CD1D2D2DB18845597E23695 /* Pods-GeneratorAppTests.debug.xcconfig */,
				7EFC8A882D77AF75057D5E45 /* Pods-GeneratorAppTests.release.xcconfig */,
				589B8500EE25EC2718EE44A6 /* Pods-GeneratorAppUITests.debug.xcconfig */,
				0ECAC1C57CE61EAD834B0D0D /* Pods-GeneratorAppUITests.release.xcconfig */,
			);
			name = Pods;
			sourceTree = "<group>";
		};
		6D914B431DBDAEBC00413CA5 = {
			isa = PBXGroup;
			children = (
				6D914B4E1DBDAEBD00413CA5 /* GeneratorApp */,
				6D914B631DBDAEBD00413CA5 /* GeneratorAppTests */,
				6D914B6E1DBDAEBD00413CA5 /* GeneratorAppUITests */,
				6D914B4D1DBDAEBD00413CA5 /* Products */,
				6D914B911DBDB1E400413CA5 /* optimist */,
				3B7A374EA1EAB262D52692E2 /* Pods */,
				0839931632BC5870E07F75AA /* Frameworks */,
			);
			sourceTree = "<group>";
		};
		6D914B4D1DBDAEBD00413CA5 /* Products */ = {
			isa = PBXGroup;
			children = (
				6D914B4C1DBDAEBD00413CA5 /* GeneratorApp.app */,
				6D914B601DBDAEBD00413CA5 /* GeneratorAppTests.xctest */,
				6D914B6B1DBDAEBD00413CA5 /* GeneratorAppUITests.xctest */,
			);
			name = Products;
			sourceTree = "<group>";
		};
		6D914B4E1DBDAEBD00413CA5 /* GeneratorApp */ = {
			isa = PBXGroup;
			children = (
				6DAE11511DCFFE590034D485 /* Transition Files */,
				6D914B4F1DBDAEBD00413CA5 /* AppDelegate.swift */,
				6DF3000F1DD69AF8004CA955 /* GameScene.swift */,
				6D914B951DBDC93100413CA5 /* Common.swift */,
				6DE460BA1DCC30270019099B /* EquipmentClass.swift */,
				6D97BD8A1DC10F9A00FEB78C /* SpaceLabel.swift */,
				6D45A3051DC6ADB700124B02 /* DottedView.swift */,
				6D9CB40B1DD6738300893B18 /* FullRoundView.swift */,
				6D9933F51DC68C2E00F697C2 /* TableViewCells */,
				6D914B941DBDC77B00413CA5 /* controllers */,
				6D9933F41DC68C1100F697C2 /* StoryBoards */,
				6D914B561DBDAEBD00413CA5 /* Assets.xcassets */,
				6D914B5B1DBDAEBD00413CA5 /* Info.plist */,
			);
			path = GeneratorApp;
			sourceTree = "<group>";
		};
		6D914B631DBDAEBD00413CA5 /* GeneratorAppTests */ = {
			isa = PBXGroup;
			children = (
				6D914B641DBDAEBD00413CA5 /* GeneratorAppTests.swift */,
				6D914B661DBDAEBD00413CA5 /* Info.plist */,
			);
			path = GeneratorAppTests;
			sourceTree = "<group>";
		};
		6D914B6E1DBDAEBD00413CA5 /* GeneratorAppUITests */ = {
			isa = PBXGroup;
			children = (
				6D914B6F1DBDAEBD00413CA5 /* GeneratorAppUITests.swift */,
				6D914B711DBDAEBD00413CA5 /* Info.plist */,
			);
			path = GeneratorAppUITests;
			sourceTree = "<group>";
		};
		6D914B911DBDB1E400413CA5 /* optimist */ = {
			isa = PBXGroup;
			children = (
				6D914B7D1DBDB1E000413CA5 /* Optimist_Bd.ttf */,
				6D914B7E1DBDB1E000413CA5 /* Optimist_BdIt.ttf */,
				6D914B7F1DBDB1E000413CA5 /* Optimist_It.ttf */,
				6D914B801DBDB1E000413CA5 /* Optimist_Lt.ttf */,
				6D914B811DBDB1E000413CA5 /* Optimist_LtIt.ttf */,
				6D914B821DBDB1E000413CA5 /* Optimist_Rg.ttf */,
				6D914B831DBDB1E000413CA5 /* Optimist_SBd.ttf */,
				6D914B841DBDB1E000413CA5 /* Optimist_SBdIt.ttf */,
				6D914B851DBDB1E000413CA5 /* Optimist_XLt.ttf */,
				6D914B861DBDB1E000413CA5 /* Optimist_XLtIt.ttf */,
			);
			name = optimist;
			sourceTree = "<group>";
		};
		6D914B941DBDC77B00413CA5 /* controllers */ = {
			isa = PBXGroup;
			children = (
				6DF300111DD7CE67004CA955 /* GameEndViewController.swift */,
				6D9CB4091DD6641B00893B18 /* GameViewController.swift */,
				6DA046171DCFFAB4006D1D99 /* LaunchSplashViewController.swift */,
				6D914B511DBDAEBD00413CA5 /* ViewController.swift */,
				6DE769431DC1766A0076D12B /* PrincipalViewController.swift */,
				6D914B921DBDC77600413CA5 /* LoginViewController.swift */,
				6D97BD8C1DC11A7800FEB78C /* TabViewController.swift */,
				6D45A3071DC6B2DE00124B02 /* EquipmentTabViewController.swift */,
				C893E21B1DD6A02100B4D4BC /* ProjectViewController.swift */,
				6D45A3091DC6BBEE00124B02 /* EquipmentViewController.swift */,
				6DDE03B51DC80FA200738582 /* MaterialsViewController.swift */,
				6D26AA5A1DC85C5300088307 /* EquipmentDetailViewController.swift */,
			);
			name = controllers;
			sourceTree = "<group>";
		};
		6D9933F41DC68C1100F697C2 /* StoryBoards */ = {
			isa = PBXGroup;
			children = (
				6D914B581DBDAEBD00413CA5 /* LaunchScreen.storyboard */,
				6D914B531DBDAEBD00413CA5 /* Main.storyboard */,
				6DAE11541DD037100034D485 /* LoginStoryboard.storyboard */,
				6D9CB4071DD6638500893B18 /* GameStoryboard.storyboard */,
				6D9933F61DC68E7B00F697C2 /* PrincipleStoryboard.storyboard */,
				6D9933F21DC68C0C00F697C2 /* TabViewStoryBoard.storyboard */,
				6D9933F81DC6918B00F697C2 /* ProjectStoryboard.storyboard */,
				6D9933FA1DC692AF00F697C2 /* EquipmentStoryboard.storyboard */,
				6D26AA581DC85C2200088307 /* EquipmentDetailStoryboard.storyboard */,
			);
			name = StoryBoards;
			sourceTree = "<group>";
		};
		6D9933F51DC68C2E00F697C2 /* TableViewCells */ = {
			isa = PBXGroup;
			children = (
				6DB076DD1DD9632200CE41FF /* ShareTableViewCell.swift */,
				6D96663F1DD958830079D40E /* CircuitBreakerUITabTableViewCell.swift */,
				6D72B4221DCD337F00FA3F3E /* MaterialCollectionViewCell.swift */,
				6D9933F01DC5181200F697C2 /* FooterTableViewCell.swift */,
				6DE769451DC17D7A0076D12B /* PrincipalTableViewCell.swift */,
				6D45A30B1DC6BCB800124B02 /* EquipmentTableViewCell.swift */,
				C893E21D1DD6A0C900B4D4BC /* ProjectTableViewCell.swift */,
			);
			name = TableViewCells;
			sourceTree = "<group>";
		};
		6DAE11511DCFFE590034D485 /* Transition Files */ = {
			isa = PBXGroup;
			children = (
				6DB076E11DD9722000CE41FF /* EndGameTransition.swift */,
				6DAE114D1DCFFE540034D485 /* BaseTransition.swift */,
				6DAE11521DD02EB90034D485 /* LaunchTransition.swift */,
				6DAE114E1DCFFE540034D485 /* FadeTransition.swift */,
			);
			name = "Transition Files";
			sourceTree = "<group>";
		};
/* End PBXGroup section */

/* Begin PBXNativeTarget section */
		6D914B4B1DBDAEBC00413CA5 /* GeneratorApp */ = {
			isa = PBXNativeTarget;
			buildConfigurationList = 6D914B741DBDAEBD00413CA5 /* Build configuration list for PBXNativeTarget "GeneratorApp" */;
			buildPhases = (
				5C97C8A705A1FA924D9D37DF /* [CP] Check Pods Manifest.lock */,
				6D914B481DBDAEBC00413CA5 /* Sources */,
				6D914B491DBDAEBC00413CA5 /* Frameworks */,
				6D914B4A1DBDAEBC00413CA5 /* Resources */,
				D752BE079457EF589CE93E8D /* [CP] Embed Pods Frameworks */,
				A1F74405E0DA03B3F4BCE7B5 /* [CP] Copy Pods Resources */,
			);
			buildRules = (
			);
			dependencies = (
			);
			name = GeneratorApp;
			productName = GeneratorApp;
			productReference = 6D914B4C1DBDAEBD00413CA5 /* GeneratorApp.app */;
			productType = "com.apple.product-type.application";
		};
		6D914B5F1DBDAEBD00413CA5 /* GeneratorAppTests */ = {
			isa = PBXNativeTarget;
			buildConfigurationList = 6D914B771DBDAEBD00413CA5 /* Build configuration list for PBXNativeTarget "GeneratorAppTests" */;
			buildPhases = (
				102AC23386FAFE2541BFC86E /* [CP] Check Pods Manifest.lock */,
				6D914B5C1DBDAEBD00413CA5 /* Sources */,
				6D914B5D1DBDAEBD00413CA5 /* Frameworks */,
				6D914B5E1DBDAEBD00413CA5 /* Resources */,
				0FF2D8B54B58BDCC0F6D0E5B /* [CP] Embed Pods Frameworks */,
				38A8E61A0F7E448BB1AB831B /* [CP] Copy Pods Resources */,
			);
			buildRules = (
			);
			dependencies = (
				6D914B621DBDAEBD00413CA5 /* PBXTargetDependency */,
			);
			name = GeneratorAppTests;
			productName = GeneratorAppTests;
			productReference = 6D914B601DBDAEBD00413CA5 /* GeneratorAppTests.xctest */;
			productType = "com.apple.product-type.bundle.unit-test";
		};
		6D914B6A1DBDAEBD00413CA5 /* GeneratorAppUITests */ = {
			isa = PBXNativeTarget;
			buildConfigurationList = 6D914B7A1DBDAEBD00413CA5 /* Build configuration list for PBXNativeTarget "GeneratorAppUITests" */;
			buildPhases = (
				DFA1741F7AB35BC23BA44442 /* [CP] Check Pods Manifest.lock */,
				6D914B671DBDAEBD00413CA5 /* Sources */,
				6D914B681DBDAEBD00413CA5 /* Frameworks */,
				6D914B691DBDAEBD00413CA5 /* Resources */,
				A76737DBCFB7A179533CD082 /* [CP] Copy Pods Resources */,
			);
			buildRules = (
			);
			dependencies = (
				6D914B6D1DBDAEBD00413CA5 /* PBXTargetDependency */,
			);
			name = GeneratorAppUITests;
			productName = GeneratorAppUITests;
			productReference = 6D914B6B1DBDAEBD00413CA5 /* GeneratorAppUITests.xctest */;
			productType = "com.apple.product-type.bundle.ui-testing";
		};
/* End PBXNativeTarget section */

/* Begin PBXProject section */
		6D914B441DBDAEBC00413CA5 /* Project object */ = {
			isa = PBXProject;
			attributes = {
				LastSwiftUpdateCheck = 0800;
				LastUpgradeCheck = 0810;
				ORGANIZATIONNAME = "Mullins, Griffin";
				TargetAttributes = {
					6D914B4B1DBDAEBC00413CA5 = {
						CreatedOnToolsVersion = 8.0;
						DevelopmentTeam = 59BGYH7DCM;
						ProvisioningStyle = Automatic;
					};
					6D914B5F1DBDAEBD00413CA5 = {
						CreatedOnToolsVersion = 8.0;
						DevelopmentTeam = 59BGYH7DCM;
						ProvisioningStyle = Automatic;
						TestTargetID = 6D914B4B1DBDAEBC00413CA5;
					};
					6D914B6A1DBDAEBD00413CA5 = {
						CreatedOnToolsVersion = 8.0;
						DevelopmentTeam = 59BGYH7DCM;
						ProvisioningStyle = Automatic;
						TestTargetID = 6D914B4B1DBDAEBC00413CA5;
					};
				};
			};
			buildConfigurationList = 6D914B471DBDAEBC00413CA5 /* Build configuration list for PBXProject "GeneratorApp" */;
			compatibilityVersion = "Xcode 3.2";
			developmentRegion = English;
			hasScannedForEncodings = 0;
			knownRegions = (
				en,
				Base,
			);
			mainGroup = 6D914B431DBDAEBC00413CA5;
			productRefGroup = 6D914B4D1DBDAEBD00413CA5 /* Products */;
			projectDirPath = "";
			projectRoot = "";
			targets = (
				6D914B4B1DBDAEBC00413CA5 /* GeneratorApp */,
				6D914B5F1DBDAEBD00413CA5 /* GeneratorAppTests */,
				6D914B6A1DBDAEBD00413CA5 /* GeneratorAppUITests */,
			);
		};
/* End PBXProject section */

/* Begin PBXResourcesBuildPhase section */
		6D914B4A1DBDAEBC00413CA5 /* Resources */ = {
			isa = PBXResourcesBuildPhase;
			buildActionMask = 2147483647;
			files = (
				6D914B8C1DBDB1E000413CA5 /* Optimist_Rg.ttf in Resources */,
				6D914B891DBDB1E000413CA5 /* Optimist_It.ttf in Resources */,
				6D914B8E1DBDB1E000413CA5 /* Optimist_SBdIt.ttf in Resources */,
				6D9933F91DC6918B00F697C2 /* ProjectStoryboard.storyboard in Resources */,
				6D914B881DBDB1E000413CA5 /* Optimist_BdIt.ttf in Resources */,
				6DAE11551DD037100034D485 /* LoginStoryboard.storyboard in Resources */,
				6D9933F31DC68C0C00F697C2 /* TabViewStoryBoard.storyboard in Resources */,
				6D914B8D1DBDB1E000413CA5 /* Optimist_SBd.ttf in Resources */,
				6D914B8B1DBDB1E000413CA5 /* Optimist_LtIt.ttf in Resources */,
				6D914B5A1DBDAEBD00413CA5 /* LaunchScreen.storyboard in Resources */,
				6D914B8A1DBDB1E000413CA5 /* Optimist_Lt.ttf in Resources */,
				6D9CB4081DD6638500893B18 /* GameStoryboard.storyboard in Resources */,
				6D9933F71DC68E7B00F697C2 /* PrincipleStoryboard.storyboard in Resources */,
				6D914B8F1DBDB1E000413CA5 /* Optimist_XLt.ttf in Resources */,
				6D914B871DBDB1E000413CA5 /* Optimist_Bd.ttf in Resources */,
				6D914B571DBDAEBD00413CA5 /* Assets.xcassets in Resources */,
				6D914B551DBDAEBD00413CA5 /* Main.storyboard in Resources */,
				6D26AA591DC85C2200088307 /* EquipmentDetailStoryboard.storyboard in Resources */,
				6D914B901DBDB1E000413CA5 /* Optimist_XLtIt.ttf in Resources */,
				6D9933FB1DC692AF00F697C2 /* EquipmentStoryboard.storyboard in Resources */,
			);
			runOnlyForDeploymentPostprocessing = 0;
		};
		6D914B5E1DBDAEBD00413CA5 /* Resources */ = {
			isa = PBXResourcesBuildPhase;
			buildActionMask = 2147483647;
			files = (
			);
			runOnlyForDeploymentPostprocessing = 0;
		};
		6D914B691DBDAEBD00413CA5 /* Resources */ = {
			isa = PBXResourcesBuildPhase;
			buildActionMask = 2147483647;
			files = (
			);
			runOnlyForDeploymentPostprocessing = 0;
		};
/* End PBXResourcesBuildPhase section */

/* Begin PBXShellScriptBuildPhase section */
		0FF2D8B54B58BDCC0F6D0E5B /* [CP] Embed Pods Frameworks */ = {
			isa = PBXShellScriptBuildPhase;
			buildActionMask = 2147483647;
			files = (
			);
			inputPaths = (
			);
			name = "[CP] Embed Pods Frameworks";
			outputPaths = (
			);
			runOnlyForDeploymentPostprocessing = 0;
			shellPath = /bin/sh;
			shellScript = "\"${SRCROOT}/Pods/Target Support Files/Pods-GeneratorAppTests/Pods-GeneratorAppTests-frameworks.sh\"\n";
			showEnvVarsInLog = 0;
		};
		102AC23386FAFE2541BFC86E /* [CP] Check Pods Manifest.lock */ = {
			isa = PBXShellScriptBuildPhase;
			buildActionMask = 2147483647;
			files = (
			);
			inputPaths = (
			);
			name = "[CP] Check Pods Manifest.lock";
			outputPaths = (
			);
			runOnlyForDeploymentPostprocessing = 0;
			shellPath = /bin/sh;
			shellScript = "diff \"${PODS_ROOT}/../Podfile.lock\" \"${PODS_ROOT}/Manifest.lock\" > /dev/null\nif [[ $? != 0 ]] ; then\n    cat << EOM\nerror: The sandbox is not in sync with the Podfile.lock. Run 'pod install' or update your CocoaPods installation.\nEOM\n    exit 1\nfi\n";
			showEnvVarsInLog = 0;
		};
		38A8E61A0F7E448BB1AB831B /* [CP] Copy Pods Resources */ = {
			isa = PBXShellScriptBuildPhase;
			buildActionMask = 2147483647;
			files = (
			);
			inputPaths = (
			);
			name = "[CP] Copy Pods Resources";
			outputPaths = (
			);
			runOnlyForDeploymentPostprocessing = 0;
			shellPath = /bin/sh;
			shellScript = "\"${SRCROOT}/Pods/Target Support Files/Pods-GeneratorAppTests/Pods-GeneratorAppTests-resources.sh\"\n";
			showEnvVarsInLog = 0;
		};
		5C97C8A705A1FA924D9D37DF /* [CP] Check Pods Manifest.lock */ = {
			isa = PBXShellScriptBuildPhase;
			buildActionMask = 2147483647;
			files = (
			);
			inputPaths = (
			);
			name = "[CP] Check Pods Manifest.lock";
			outputPaths = (
			);
			runOnlyForDeploymentPostprocessing = 0;
			shellPath = /bin/sh;
			shellScript = "diff \"${PODS_ROOT}/../Podfile.lock\" \"${PODS_ROOT}/Manifest.lock\" > /dev/null\nif [[ $? != 0 ]] ; then\n    cat << EOM\nerror: The sandbox is not in sync with the Podfile.lock. Run 'pod install' or update your CocoaPods installation.\nEOM\n    exit 1\nfi\n";
			showEnvVarsInLog = 0;
		};
		A1F74405E0DA03B3F4BCE7B5 /* [CP] Copy Pods Resources */ = {
			isa = PBXShellScriptBuildPhase;
			buildActionMask = 2147483647;
			files = (
			);
			inputPaths = (
			);
			name = "[CP] Copy Pods Resources";
			outputPaths = (
			);
			runOnlyForDeploymentPostprocessing = 0;
			shellPath = /bin/sh;
			shellScript = "\"${SRCROOT}/Pods/Target Support Files/Pods-GeneratorApp/Pods-GeneratorApp-resources.sh\"\n";
			showEnvVarsInLog = 0;
		};
		A76737DBCFB7A179533CD082 /* [CP] Copy Pods Resources */ = {
			isa = PBXShellScriptBuildPhase;
			buildActionMask = 2147483647;
			files = (
			);
			inputPaths = (
			);
			name = "[CP] Copy Pods Resources";
			outputPaths = (
			);
			runOnlyForDeploymentPostprocessing = 0;
			shellPath = /bin/sh;
			shellScript = "\"${SRCROOT}/Pods/Target Support Files/Pods-GeneratorAppUITests/Pods-GeneratorAppUITests-resources.sh\"\n";
			showEnvVarsInLog = 0;
		};
		D752BE079457EF589CE93E8D /* [CP] Embed Pods Frameworks */ = {
			isa = PBXShellScriptBuildPhase;
			buildActionMask = 2147483647;
			files = (
			);
			inputPaths = (
			);
			name = "[CP] Embed Pods Frameworks";
			outputPaths = (
			);
			runOnlyForDeploymentPostprocessing = 0;
			shellPath = /bin/sh;
			shellScript = "\"${SRCROOT}/Pods/Target Support Files/Pods-GeneratorApp/Pods-GeneratorApp-frameworks.sh\"\n";
			showEnvVarsInLog = 0;
		};
		DFA1741F7AB35BC23BA44442 /* [CP] Check Pods Manifest.lock */ = {
			isa = PBXShellScriptBuildPhase;
			buildActionMask = 2147483647;
			files = (
			);
			inputPaths = (
			);
			name = "[CP] Check Pods Manifest.lock";
			outputPaths = (
			);
			runOnlyForDeploymentPostprocessing = 0;
			shellPath = /bin/sh;
			shellScript = "diff \"${PODS_ROOT}/../Podfile.lock\" \"${PODS_ROOT}/Manifest.lock\" > /dev/null\nif [[ $? != 0 ]] ; then\n    cat << EOM\nerror: The sandbox is not in sync with the Podfile.lock. Run 'pod install' or update your CocoaPods installation.\nEOM\n    exit 1\nfi\n";
			showEnvVarsInLog = 0;
		};
/* End PBXShellScriptBuildPhase section */

/* Begin PBXSourcesBuildPhase section */
		6D914B481DBDAEBC00413CA5 /* Sources */ = {
			isa = PBXSourcesBuildPhase;
			buildActionMask = 2147483647;
			files = (
				C893E21E1DD6A0C900B4D4BC /* ProjectTableViewCell.swift in Sources */,
				6D97BD8D1DC11A7800FEB78C /* TabViewController.swift in Sources */,
				6D97BD8B1DC10F9A00FEB78C /* SpaceLabel.swift in Sources */,
				6DAE11531DD02EB90034D485 /* LaunchTransition.swift in Sources */,
				6D914B961DBDC93100413CA5 /* Common.swift in Sources */,
				6DDE03B61DC80FA200738582 /* MaterialsViewController.swift in Sources */,
				6DF300121DD7CE67004CA955 /* GameEndViewController.swift in Sources */,
				6D914B931DBDC77600413CA5 /* LoginViewController.swift in Sources */,
				6D9666401DD958830079D40E /* CircuitBreakerUITabTableViewCell.swift in Sources */,
				6DB076DE1DD9632200CE41FF /* ShareTableViewCell.swift in Sources */,
				6DB076E21DD9722000CE41FF /* EndGameTransition.swift in Sources */,
				6DE769461DC17D7A0076D12B /* PrincipalTableViewCell.swift in Sources */,
				6DAE11501DCFFE540034D485 /* FadeTransition.swift in Sources */,
				6DA046181DCFFAB4006D1D99 /* LaunchSplashViewController.swift in Sources */,
				6D914B521DBDAEBD00413CA5 /* ViewController.swift in Sources */,
				6D26AA5B1DC85C5300088307 /* EquipmentDetailViewController.swift in Sources */,
				6DE769441DC1766A0076D12B /* PrincipalViewController.swift in Sources */,
				6DE460BB1DCC30270019099B /* EquipmentClass.swift in Sources */,
				6D9933F11DC5181200F697C2 /* FooterTableViewCell.swift in Sources */,
				6D45A3061DC6ADB700124B02 /* DottedView.swift in Sources */,
				6D72B4231DCD337F00FA3F3E /* MaterialCollectionViewCell.swift in Sources */,
				6D45A3081DC6B2DE00124B02 /* EquipmentTabViewController.swift in Sources */,
				6D45A30C1DC6BCB800124B02 /* EquipmentTableViewCell.swift in Sources */,
				6DF300101DD69AF8004CA955 /* GameScene.swift in Sources */,
				6DAE114F1DCFFE540034D485 /* BaseTransition.swift in Sources */,
				6D914B501DBDAEBD00413CA5 /* AppDelegate.swift in Sources */,
				C893E21C1DD6A02100B4D4BC /* ProjectViewController.swift in Sources */,
				6D9CB40C1DD6738300893B18 /* FullRoundView.swift in Sources */,
				6D9CB40A1DD6641B00893B18 /* GameViewController.swift in Sources */,
				6D45A30A1DC6BBEE00124B02 /* EquipmentViewController.swift in Sources */,
			);
			runOnlyForDeploymentPostprocessing = 0;
		};
		6D914B5C1DBDAEBD00413CA5 /* Sources */ = {
			isa = PBXSourcesBuildPhase;
			buildActionMask = 2147483647;
			files = (
				6D914B651DBDAEBD00413CA5 /* GeneratorAppTests.swift in Sources */,
			);
			runOnlyForDeploymentPostprocessing = 0;
		};
		6D914B671DBDAEBD00413CA5 /* Sources */ = {
			isa = PBXSourcesBuildPhase;
			buildActionMask = 2147483647;
			files = (
				6D914B701DBDAEBD00413CA5 /* GeneratorAppUITests.swift in Sources */,
			);
			runOnlyForDeploymentPostprocessing = 0;
		};
/* End PBXSourcesBuildPhase section */

/* Begin PBXTargetDependency section */
		6D914B621DBDAEBD00413CA5 /* PBXTargetDependency */ = {
			isa = PBXTargetDependency;
			target = 6D914B4B1DBDAEBC00413CA5 /* GeneratorApp */;
			targetProxy = 6D914B611DBDAEBD00413CA5 /* PBXContainerItemProxy */;
		};
		6D914B6D1DBDAEBD00413CA5 /* PBXTargetDependency */ = {
			isa = PBXTargetDependency;
			target = 6D914B4B1DBDAEBC00413CA5 /* GeneratorApp */;
			targetProxy = 6D914B6C1DBDAEBD00413CA5 /* PBXContainerItemProxy */;
		};
/* End PBXTargetDependency section */

/* Begin PBXVariantGroup section */
		6D914B531DBDAEBD00413CA5 /* Main.storyboard */ = {
			isa = PBXVariantGroup;
			children = (
				6D914B541DBDAEBD00413CA5 /* Base */,
			);
			name = Main.storyboard;
			sourceTree = "<group>";
		};
		6D914B581DBDAEBD00413CA5 /* LaunchScreen.storyboard */ = {
			isa = PBXVariantGroup;
			children = (
				6D914B591DBDAEBD00413CA5 /* Base */,
			);
			name = LaunchScreen.storyboard;
			sourceTree = "<group>";
		};
/* End PBXVariantGroup section */

/* Begin XCBuildConfiguration section */
		6D914B721DBDAEBD00413CA5 /* Debug */ = {
			isa = XCBuildConfiguration;
			buildSettings = {
				ALWAYS_SEARCH_USER_PATHS = NO;
				CLANG_ANALYZER_NONNULL = YES;
				CLANG_CXX_LANGUAGE_STANDARD = "gnu++0x";
				CLANG_CXX_LIBRARY = "libc++";
				CLANG_ENABLE_MODULES = YES;
				CLANG_ENABLE_OBJC_ARC = YES;
				CLANG_WARN_BOOL_CONVERSION = YES;
				CLANG_WARN_CONSTANT_CONVERSION = YES;
				CLANG_WARN_DIRECT_OBJC_ISA_USAGE = YES_ERROR;
				CLANG_WARN_DOCUMENTATION_COMMENTS = YES;
				CLANG_WARN_EMPTY_BODY = YES;
				CLANG_WARN_ENUM_CONVERSION = YES;
				CLANG_WARN_INFINITE_RECURSION = YES;
				CLANG_WARN_INT_CONVERSION = YES;
				CLANG_WARN_OBJC_ROOT_CLASS = YES_ERROR;
				CLANG_WARN_SUSPICIOUS_MOVE = YES;
				CLANG_WARN_SUSPICIOUS_MOVES = YES;
				CLANG_WARN_UNREACHABLE_CODE = YES;
				CLANG_WARN__DUPLICATE_METHOD_MATCH = YES;
				"CODE_SIGN_IDENTITY[sdk=iphoneos*]" = "iPhone Developer";
				COPY_PHASE_STRIP = NO;
				DEBUG_INFORMATION_FORMAT = dwarf;
				ENABLE_STRICT_OBJC_MSGSEND = YES;
				ENABLE_TESTABILITY = YES;
				GCC_C_LANGUAGE_STANDARD = gnu99;
				GCC_DYNAMIC_NO_PIC = NO;
				GCC_NO_COMMON_BLOCKS = YES;
				GCC_OPTIMIZATION_LEVEL = 0;
				GCC_PREPROCESSOR_DEFINITIONS = (
					"DEBUG=1",
					"$(inherited)",
				);
				GCC_WARN_64_TO_32_BIT_CONVERSION = YES;
				GCC_WARN_ABOUT_RETURN_TYPE = YES_ERROR;
				GCC_WARN_UNDECLARED_SELECTOR = YES;
				GCC_WARN_UNINITIALIZED_AUTOS = YES_AGGRESSIVE;
				GCC_WARN_UNUSED_FUNCTION = YES;
				GCC_WARN_UNUSED_VARIABLE = YES;
				IPHONEOS_DEPLOYMENT_TARGET = 10.0;
				MTL_ENABLE_DEBUG_INFO = YES;
				ONLY_ACTIVE_ARCH = YES;
				SDKROOT = iphoneos;
				SWIFT_ACTIVE_COMPILATION_CONDITIONS = DEBUG;
				SWIFT_OPTIMIZATION_LEVEL = "-Onone";
				TARGETED_DEVICE_FAMILY = "1,2";
			};
			name = Debug;
		};
		6D914B731DBDAEBD00413CA5 /* Release */ = {
			isa = XCBuildConfiguration;
			buildSettings = {
				ALWAYS_SEARCH_USER_PATHS = NO;
				CLANG_ANALYZER_NONNULL = YES;
				CLANG_CXX_LANGUAGE_STANDARD = "gnu++0x";
				CLANG_CXX_LIBRARY = "libc++";
				CLANG_ENABLE_MODULES = YES;
				CLANG_ENABLE_OBJC_ARC = YES;
				CLANG_WARN_BOOL_CONVERSION = YES;
				CLANG_WARN_CONSTANT_CONVERSION = YES;
				CLANG_WARN_DIRECT_OBJC_ISA_USAGE = YES_ERROR;
				CLANG_WARN_DOCUMENTATION_COMMENTS = YES;
				CLANG_WARN_EMPTY_BODY = YES;
				CLANG_WARN_ENUM_CONVERSION = YES;
				CLANG_WARN_INFINITE_RECURSION = YES;
				CLANG_WARN_INT_CONVERSION = YES;
				CLANG_WARN_OBJC_ROOT_CLASS = YES_ERROR;
				CLANG_WARN_SUSPICIOUS_MOVE = YES;
				CLANG_WARN_SUSPICIOUS_MOVES = YES;
				CLANG_WARN_UNREACHABLE_CODE = YES;
				CLANG_WARN__DUPLICATE_METHOD_MATCH = YES;
				"CODE_SIGN_IDENTITY[sdk=iphoneos*]" = "iPhone Developer";
				COPY_PHASE_STRIP = NO;
				DEBUG_INFORMATION_FORMAT = "dwarf-with-dsym";
				ENABLE_NS_ASSERTIONS = NO;
				ENABLE_STRICT_OBJC_MSGSEND = YES;
				GCC_C_LANGUAGE_STANDARD = gnu99;
				GCC_NO_COMMON_BLOCKS = YES;
				GCC_WARN_64_TO_32_BIT_CONVERSION = YES;
				GCC_WARN_ABOUT_RETURN_TYPE = YES_ERROR;
				GCC_WARN_UNDECLARED_SELECTOR = YES;
				GCC_WARN_UNINITIALIZED_AUTOS = YES_AGGRESSIVE;
				GCC_WARN_UNUSED_FUNCTION = YES;
				GCC_WARN_UNUSED_VARIABLE = YES;
				IPHONEOS_DEPLOYMENT_TARGET = 10.0;
				MTL_ENABLE_DEBUG_INFO = NO;
				SDKROOT = iphoneos;
				SWIFT_OPTIMIZATION_LEVEL = "-Owholemodule";
				TARGETED_DEVICE_FAMILY = "1,2";
				VALIDATE_PRODUCT = YES;
			};
			name = Release;
		};
		6D914B751DBDAEBD00413CA5 /* Debug */ = {
			isa = XCBuildConfiguration;
			baseConfigurationReference = 9459980DF6B06F28DB311F5A /* Pods-GeneratorApp.debug.xcconfig */;
			buildSettings = {
				ASSETCATALOG_COMPILER_APPICON_NAME = AppIcon;
				DEVELOPMENT_TEAM = 59BGYH7DCM;
				INFOPLIST_FILE = GeneratorApp/Info.plist;
				LD_RUNPATH_SEARCH_PATHS = "$(inherited) @executable_path/Frameworks";
				PRODUCT_BUNDLE_IDENTIFIER = "GM.GeneratorApp-1016";
				PRODUCT_NAME = "$(TARGET_NAME)";
				SWIFT_VERSION = 3.0;
			};
			name = Debug;
		};
		6D914B761DBDAEBD00413CA5 /* Release */ = {
			isa = XCBuildConfiguration;
			baseConfigurationReference = 77AC1BBEEAC2209575FD2D71 /* Pods-GeneratorApp.release.xcconfig */;
			buildSettings = {
				ASSETCATALOG_COMPILER_APPICON_NAME = AppIcon;
				DEVELOPMENT_TEAM = 59BGYH7DCM;
				INFOPLIST_FILE = GeneratorApp/Info.plist;
				LD_RUNPATH_SEARCH_PATHS = "$(inherited) @executable_path/Frameworks";
				PRODUCT_BUNDLE_IDENTIFIER = "GM.GeneratorApp-1016";
				PRODUCT_NAME = "$(TARGET_NAME)";
				SWIFT_VERSION = 3.0;
			};
			name = Release;
		};
		6D914B781DBDAEBD00413CA5 /* Debug */ = {
			isa = XCBuildConfiguration;
			baseConfigurationReference = 5CD1D2D2DB18845597E23695 /* Pods-GeneratorAppTests.debug.xcconfig */;
			buildSettings = {
				ALWAYS_EMBED_SWIFT_STANDARD_LIBRARIES = YES;
				BUNDLE_LOADER = "$(TEST_HOST)";
				DEVELOPMENT_TEAM = 59BGYH7DCM;
				INFOPLIST_FILE = GeneratorAppTests/Info.plist;
				LD_RUNPATH_SEARCH_PATHS = "$(inherited) @executable_path/Frameworks @loader_path/Frameworks";
				PRODUCT_BUNDLE_IDENTIFIER = GM.GeneratorAppTests;
				PRODUCT_NAME = "$(TARGET_NAME)";
				SWIFT_VERSION = 3.0;
				TEST_HOST = "$(BUILT_PRODUCTS_DIR)/GeneratorApp.app/GeneratorApp";
			};
			name = Debug;
		};
		6D914B791DBDAEBD00413CA5 /* Release */ = {
			isa = XCBuildConfiguration;
			baseConfigurationReference = 7EFC8A882D77AF75057D5E45 /* Pods-GeneratorAppTests.release.xcconfig */;
			buildSettings = {
				ALWAYS_EMBED_SWIFT_STANDARD_LIBRARIES = YES;
				BUNDLE_LOADER = "$(TEST_HOST)";
				DEVELOPMENT_TEAM = 59BGYH7DCM;
				INFOPLIST_FILE = GeneratorAppTests/Info.plist;
				LD_RUNPATH_SEARCH_PATHS = "$(inherited) @executable_path/Frameworks @loader_path/Frameworks";
				PRODUCT_BUNDLE_IDENTIFIER = GM.GeneratorAppTests;
				PRODUCT_NAME = "$(TARGET_NAME)";
				SWIFT_VERSION = 3.0;
				TEST_HOST = "$(BUILT_PRODUCTS_DIR)/GeneratorApp.app/GeneratorApp";
			};
			name = Release;
		};
		6D914B7B1DBDAEBD00413CA5 /* Debug */ = {
			isa = XCBuildConfiguration;
			baseConfigurationReference = 589B8500EE25EC2718EE44A6 /* Pods-GeneratorAppUITests.debug.xcconfig */;
			buildSettings = {
				ALWAYS_EMBED_SWIFT_STANDARD_LIBRARIES = YES;
				DEVELOPMENT_TEAM = 59BGYH7DCM;
				INFOPLIST_FILE = GeneratorAppUITests/Info.plist;
				LD_RUNPATH_SEARCH_PATHS = "$(inherited) @executable_path/Frameworks @loader_path/Frameworks";
				PRODUCT_BUNDLE_IDENTIFIER = GM.GeneratorAppUITests;
				PRODUCT_NAME = "$(TARGET_NAME)";
				SWIFT_VERSION = 3.0;
				TEST_TARGET_NAME = GeneratorApp;
			};
			name = Debug;
		};
		6D914B7C1DBDAEBD00413CA5 /* Release */ = {
			isa = XCBuildConfiguration;
			baseConfigurationReference = 0ECAC1C57CE61EAD834B0D0D /* Pods-GeneratorAppUITests.release.xcconfig */;
			buildSettings = {
				ALWAYS_EMBED_SWIFT_STANDARD_LIBRARIES = YES;
				DEVELOPMENT_TEAM = 59BGYH7DCM;
				INFOPLIST_FILE = GeneratorAppUITests/Info.plist;
				LD_RUNPATH_SEARCH_PATHS = "$(inherited) @executable_path/Frameworks @loader_path/Frameworks";
				PRODUCT_BUNDLE_IDENTIFIER = GM.GeneratorAppUITests;
				PRODUCT_NAME = "$(TARGET_NAME)";
				SWIFT_VERSION = 3.0;
				TEST_TARGET_NAME = GeneratorApp;
			};
			name = Release;
		};
/* End XCBuildConfiguration section */

/* Begin XCConfigurationList section */
		6D914B471DBDAEBC00413CA5 /* Build configuration list for PBXProject "GeneratorApp" */ = {
			isa = XCConfigurationList;
			buildConfigurations = (
				6D914B721DBDAEBD00413CA5 /* Debug */,
				6D914B731DBDAEBD00413CA5 /* Release */,
			);
			defaultConfigurationIsVisible = 0;
			defaultConfigurationName = Release;
		};
		6D914B741DBDAEBD00413CA5 /* Build configuration list for PBXNativeTarget "GeneratorApp" */ = {
			isa = XCConfigurationList;
			buildConfigurations = (
				6D914B751DBDAEBD00413CA5 /* Debug */,
				6D914B761DBDAEBD00413CA5 /* Release */,
			);
			defaultConfigurationIsVisible = 0;
			defaultConfigurationName = Release;
		};
		6D914B771DBDAEBD00413CA5 /* Build configuration list for PBXNativeTarget "GeneratorAppTests" */ = {
			isa = XCConfigurationList;
			buildConfigurations = (
				6D914B781DBDAEBD00413CA5 /* Debug */,
				6D914B791DBDAEBD00413CA5 /* Release */,
			);
			defaultConfigurationIsVisible = 0;
			defaultConfigurationName = Release;
		};
		6D914B7A1DBDAEBD00413CA5 /* Build configuration list for PBXNativeTarget "GeneratorAppUITests" */ = {
			isa = XCConfigurationList;
			buildConfigurations = (
				6D914B7B1DBDAEBD00413CA5 /* Debug */,
				6D914B7C1DBDAEBD00413CA5 /* Release */,
			);
			defaultConfigurationIsVisible = 0;
			defaultConfigurationName = Release;
		};
/* End XCConfigurationList section */
	};
	rootObject = 6D914B441DBDAEBC00413CA5 /* Project object */;
}
